// !$*UTF8*$!
{
	archiveVersion = 1;
	classes = {
	};
	objectVersion = 56;
	objects = {

/* Begin PBXBuildFile section */
		AD34D0C12A8160A60013394A /* DetailView.swift in Sources */ = {isa = PBXBuildFile; fileRef = AD34D0C02A8160A60013394A /* DetailView.swift */; };
		AD34D0C32A817BB10013394A /* WebView.swift in Sources */ = {isa = PBXBuildFile; fileRef = AD34D0C22A817BB10013394A /* WebView.swift */; };
		AD5DE8CC2A8017A800FFD1D6 /* Hacker_NewsApp.swift in Sources */ = {isa = PBXBuildFile; fileRef = AD5DE8CB2A8017A800FFD1D6 /* Hacker_NewsApp.swift */; };
		AD5DE8CE2A8017A800FFD1D6 /* ContentView.swift in Sources */ = {isa = PBXBuildFile; fileRef = AD5DE8CD2A8017A800FFD1D6 /* ContentView.swift */; };
		AD5DE8D02A8017AA00FFD1D6 /* Assets.xcassets in Resources */ = {isa = PBXBuildFile; fileRef = AD5DE8CF2A8017AA00FFD1D6 /* Assets.xcassets */; };
		AD5DE8D32A8017AA00FFD1D6 /* Preview Assets.xcassets in Resources */ = {isa = PBXBuildFile; fileRef = AD5DE8D22A8017AA00FFD1D6 /* Preview Assets.xcassets */; };
		AD5DE8DD2A8017AA00FFD1D6 /* Hacker_NewsTests.swift in Sources */ = {isa = PBXBuildFile; fileRef = AD5DE8DC2A8017AA00FFD1D6 /* Hacker_NewsTests.swift */; };
		AD5DE8E72A8017AA00FFD1D6 /* Hacker_NewsUITests.swift in Sources */ = {isa = PBXBuildFile; fileRef = AD5DE8E62A8017AA00FFD1D6 /* Hacker_NewsUITests.swift */; };
		AD5DE8E92A8017AA00FFD1D6 /* Hacker_NewsUITestsLaunchTests.swift in Sources */ = {isa = PBXBuildFile; fileRef = AD5DE8E82A8017AA00FFD1D6 /* Hacker_NewsUITestsLaunchTests.swift */; };
		AD5E4F4D2A80A5C90068FA1B /* NetworkManager.swift in Sources */ = {isa = PBXBuildFile; fileRef = AD5E4F4C2A80A5C90068FA1B /* NetworkManager.swift */; };
		AD5E4F4F2A80A7F50068FA1B /* PostData.swift in Sources */ = {isa = PBXBuildFile; fileRef = AD5E4F4E2A80A7F50068FA1B /* PostData.swift */; };
/* End PBXBuildFile section */

/* Begin PBXContainerItemProxy section */
		AD5DE8D92A8017AA00FFD1D6 /* PBXContainerItemProxy */ = {
			isa = PBXContainerItemProxy;
			containerPortal = AD5DE8C02A8017A800FFD1D6 /* Project object */;
			proxyType = 1;
			remoteGlobalIDString = AD5DE8C72A8017A800FFD1D6;
			remoteInfo = "Hacker News";
		};
		AD5DE8E32A8017AA00FFD1D6 /* PBXContainerItemProxy */ = {
			isa = PBXContainerItemProxy;
			containerPortal = AD5DE8C02A8017A800FFD1D6 /* Project object */;
			proxyType = 1;
			remoteGlobalIDString = AD5DE8C72A8017A800FFD1D6;
			remoteInfo = "Hacker News";
		};
/* End PBXContainerItemProxy section */

/* Begin PBXFileReference section */
		AD34D0C02A8160A60013394A /* DetailView.swift */ = {isa = PBXFileReference; lastKnownFileType = sourcecode.swift; path = DetailView.swift; sourceTree = "<group>"; };
		AD34D0C22A817BB10013394A /* WebView.swift */ = {isa = PBXFileReference; lastKnownFileType = sourcecode.swift; path = WebView.swift; sourceTree = "<group>"; };
		AD5DE8C82A8017A800FFD1D6 /* Hacker News.app */ = {isa = PBXFileReference; explicitFileType = wrapper.application; includeInIndex = 0; path = "Hacker News.app"; sourceTree = BUILT_PRODUCTS_DIR; };
		AD5DE8CB2A8017A800FFD1D6 /* Hacker_NewsApp.swift */ = {isa = PBXFileReference; lastKnownFileType = sourcecode.swift; path = Hacker_NewsApp.swift; sourceTree = "<group>"; };
		AD5DE8CD2A8017A800FFD1D6 /* ContentView.swift */ = {isa = PBXFileReference; lastKnownFileType = sourcecode.swift; path = ContentView.swift; sourceTree = "<group>"; };
		AD5DE8CF2A8017AA00FFD1D6 /* Assets.xcassets */ = {isa = PBXFileReference; lastKnownFileType = folder.assetcatalog; path = Assets.xcassets; sourceTree = "<group>"; };
		AD5DE8D22A8017AA00FFD1D6 /* Preview Assets.xcassets */ = {isa = PBXFileReference; lastKnownFileType = folder.assetcatalog; path = "Preview Assets.xcassets"; sourceTree = "<group>"; };
		AD5DE8D82A8017AA00FFD1D6 /* Hacker NewsTests.xctest */ = {isa = PBXFileReference; explicitFileType = wrapper.cfbundle; includeInIndex = 0; path = "Hacker NewsTests.xctest"; sourceTree = BUILT_PRODUCTS_DIR; };
		AD5DE8DC2A8017AA00FFD1D6 /* Hacker_NewsTests.swift */ = {isa = PBXFileReference; lastKnownFileType = sourcecode.swift; path = Hacker_NewsTests.swift; sourceTree = "<group>"; };
		AD5DE8E22A8017AA00FFD1D6 /* Hacker NewsUITests.xctest */ = {isa = PBXFileReference; explicitFileType = wrapper.cfbundle; includeInIndex = 0; path = "Hacker NewsUITests.xctest"; sourceTree = BUILT_PRODUCTS_DIR; };
		AD5DE8E62A8017AA00FFD1D6 /* Hacker_NewsUITests.swift */ = {isa = PBXFileReference; lastKnownFileType = sourcecode.swift; path = Hacker_NewsUITests.swift; sourceTree = "<group>"; };
		AD5DE8E82A8017AA00FFD1D6 /* Hacker_NewsUITestsLaunchTests.swift */ = {isa = PBXFileReference; lastKnownFileType = sourcecode.swift; path = Hacker_NewsUITestsLaunchTests.swift; sourceTree = "<group>"; };
		AD5E4F4C2A80A5C90068FA1B /* NetworkManager.swift */ = {isa = PBXFileReference; lastKnownFileType = sourcecode.swift; path = NetworkManager.swift; sourceTree = "<group>"; };
		AD5E4F4E2A80A7F50068FA1B /* PostData.swift */ = {isa = PBXFileReference; lastKnownFileType = sourcecode.swift; path = PostData.swift; sourceTree = "<group>"; };
/* End PBXFileReference section */

/* Begin PBXFrameworksBuildPhase section */
		AD5DE8C52A8017A800FFD1D6 /* Frameworks */ = {
			isa = PBXFrameworksBuildPhase;
			buildActionMask = 2147483647;
			files = (
			);
			runOnlyForDeploymentPostprocessing = 0;
		};
		AD5DE8D52A8017AA00FFD1D6 /* Frameworks */ = {
			isa = PBXFrameworksBuildPhase;
			buildActionMask = 2147483647;
			files = (
			);
			runOnlyForDeploymentPostprocessing = 0;
		};
		AD5DE8DF2A8017AA00FFD1D6 /* Frameworks */ = {
			isa = PBXFrameworksBuildPhase;
			buildActionMask = 2147483647;
			files = (
			);
			runOnlyForDeploymentPostprocessing = 0;
		};
/* End PBXFrameworksBuildPhase section */

/* Begin PBXGroup section */
		AD34D0BF2A8160370013394A /* Views */ = {
			isa = PBXGroup;
			children = (
				AD5DE8CD2A8017A800FFD1D6 /* ContentView.swift */,
				AD34D0C02A8160A60013394A /* DetailView.swift */,
				AD34D0C22A817BB10013394A /* WebView.swift */,
			);
			path = Views;
			sourceTree = "<group>";
		};
		AD5DE8BF2A8017A800FFD1D6 = {
			isa = PBXGroup;
			children = (
				AD5DE8CA2A8017A800FFD1D6 /* Hacker News */,
				AD5DE8DB2A8017AA00FFD1D6 /* Hacker NewsTests */,
				AD5DE8E52A8017AA00FFD1D6 /* Hacker NewsUITests */,
				AD5DE8C92A8017A800FFD1D6 /* Products */,
			);
			sourceTree = "<group>";
		};
		AD5DE8C92A8017A800FFD1D6 /* Products */ = {
			isa = PBXGroup;
			children = (
				AD5DE8C82A8017A800FFD1D6 /* Hacker News.app */,
				AD5DE8D82A8017AA00FFD1D6 /* Hacker NewsTests.xctest */,
				AD5DE8E22A8017AA00FFD1D6 /* Hacker NewsUITests.xctest */,
			);
			name = Products;
			sourceTree = "<group>";
		};
		AD5DE8CA2A8017A800FFD1D6 /* Hacker News */ = {
			isa = PBXGroup;
			children = (
				AD5E4F4B2A80A5A30068FA1B /* Models */,
				AD5DE8CB2A8017A800FFD1D6 /* Hacker_NewsApp.swift */,
				AD34D0BF2A8160370013394A /* Views */,
				AD5DE8CF2A8017AA00FFD1D6 /* Assets.xcassets */,
				AD5DE8D12A8017AA00FFD1D6 /* Preview Content */,
			);
			path = "Hacker News";
			sourceTree = "<group>";
		};
		AD5DE8D12A8017AA00FFD1D6 /* Preview Content */ = {
			isa = PBXGroup;
			children = (
				AD5DE8D22A8017AA00FFD1D6 /* Preview Assets.xcassets */,
			);
			path = "Preview Content";
			sourceTree = "<group>";
		};
		AD5DE8DB2A8017AA00FFD1D6 /* Hacker NewsTests */ = {
			isa = PBXGroup;
			children = (
				AD5DE8DC2A8017AA00FFD1D6 /* Hacker_NewsTests.swift */,
			);
			path = "Hacker NewsTests";
			sourceTree = "<group>";
		};
		AD5DE8E52A8017AA00FFD1D6 /* Hacker NewsUITests */ = {
			isa = PBXGroup;
			children = (
				AD5DE8E62A8017AA00FFD1D6 /* Hacker_NewsUITests.swift */,
				AD5DE8E82A8017AA00FFD1D6 /* Hacker_NewsUITestsLaunchTests.swift */,
			);
			path = "Hacker NewsUITests";
			sourceTree = "<group>";
		};
		AD5E4F4B2A80A5A30068FA1B /* Models */ = {
			isa = PBXGroup;
			children = (
				AD5E4F4C2A80A5C90068FA1B /* NetworkManager.swift */,
				AD5E4F4E2A80A7F50068FA1B /* PostData.swift */,
			);
			path = Models;
			sourceTree = "<group>";
		};
/* End PBXGroup section */

/* Begin PBXNativeTarget section */
		AD5DE8C72A8017A800FFD1D6 /* Hacker News */ = {
			isa = PBXNativeTarget;
			buildConfigurationList = AD5DE8EC2A8017AA00FFD1D6 /* Build configuration list for PBXNativeTarget "Hacker News" */;
			buildPhases = (
				AD5DE8C42A8017A800FFD1D6 /* Sources */,
				AD5DE8C52A8017A800FFD1D6 /* Frameworks */,
				AD5DE8C62A8017A800FFD1D6 /* Resources */,
			);
			buildRules = (
			);
			dependencies = (
			);
			name = "Hacker News";
			productName = "Hacker News";
			productReference = AD5DE8C82A8017A800FFD1D6 /* Hacker News.app */;
			productType = "com.apple.product-type.application";
		};
		AD5DE8D72A8017AA00FFD1D6 /* Hacker NewsTests */ = {
			isa = PBXNativeTarget;
			buildConfigurationList = AD5DE8EF2A8017AA00FFD1D6 /* Build configuration list for PBXNativeTarget "Hacker NewsTests" */;
			buildPhases = (
				AD5DE8D42A8017AA00FFD1D6 /* Sources */,
				AD5DE8D52A8017AA00FFD1D6 /* Frameworks */,
				AD5DE8D62A8017AA00FFD1D6 /* Resources */,
			);
			buildRules = (
			);
			dependencies = (
				AD5DE8DA2A8017AA00FFD1D6 /* PBXTargetDependency */,
			);
			name = "Hacker NewsTests";
			productName = "Hacker NewsTests";
			productReference = AD5DE8D82A8017AA00FFD1D6 /* Hacker NewsTests.xctest */;
			productType = "com.apple.product-type.bundle.unit-test";
		};
		AD5DE8E12A8017AA00FFD1D6 /* Hacker NewsUITests */ = {
			isa = PBXNativeTarget;
			buildConfigurationList = AD5DE8F22A8017AA00FFD1D6 /* Build configuration list for PBXNativeTarget "Hacker NewsUITests" */;
			buildPhases = (
				AD5DE8DE2A8017AA00FFD1D6 /* Sources */,
				AD5DE8DF2A8017AA00FFD1D6 /* Frameworks */,
				AD5DE8E02A8017AA00FFD1D6 /* Resources */,
			);
			buildRules = (
			);
			dependencies = (
				AD5DE8E42A8017AA00FFD1D6 /* PBXTargetDependency */,
			);
			name = "Hacker NewsUITests";
			productName = "Hacker NewsUITests";
			productReference = AD5DE8E22A8017AA00FFD1D6 /* Hacker NewsUITests.xctest */;
			productType = "com.apple.product-type.bundle.ui-testing";
		};
/* End PBXNativeTarget section */

/* Begin PBXProject section */
		AD5DE8C02A8017A800FFD1D6 /* Project object */ = {
			isa = PBXProject;
			attributes = {
				BuildIndependentTargetsInParallel = 1;
				LastSwiftUpdateCheck = 1430;
				LastUpgradeCheck = 1430;
				TargetAttributes = {
					AD5DE8C72A8017A800FFD1D6 = {
						CreatedOnToolsVersion = 14.3.1;
					};
					AD5DE8D72A8017AA00FFD1D6 = {
						CreatedOnToolsVersion = 14.3.1;
						TestTargetID = AD5DE8C72A8017A800FFD1D6;
					};
					AD5DE8E12A8017AA00FFD1D6 = {
						CreatedOnToolsVersion = 14.3.1;
						TestTargetID = AD5DE8C72A8017A800FFD1D6;
					};
				};
			};
			buildConfigurationList = AD5DE8C32A8017A800FFD1D6 /* Build configuration list for PBXProject "Hacker News" */;
			compatibilityVersion = "Xcode 14.0";
			developmentRegion = en;
			hasScannedForEncodings = 0;
			knownRegions = (
				en,
				Base,
			);
			mainGroup = AD5DE8BF2A8017A800FFD1D6;
			productRefGroup = AD5DE8C92A8017A800FFD1D6 /* Products */;
			projectDirPath = "";
			projectRoot = "";
			targets = (
				AD5DE8C72A8017A800FFD1D6 /* Hacker News */,
				AD5DE8D72A8017AA00FFD1D6 /* Hacker NewsTests */,
				AD5DE8E12A8017AA00FFD1D6 /* Hacker NewsUITests */,
			);
		};
/* End PBXProject section */

/* Begin PBXResourcesBuildPhase section */
		AD5DE8C62A8017A800FFD1D6 /* Resources */ = {
			isa = PBXResourcesBuildPhase;
			buildActionMask = 2147483647;
			files = (
				AD5DE8D32A8017AA00FFD1D6 /* Preview Assets.xcassets in Resources */,
				AD5DE8D02A8017AA00FFD1D6 /* Assets.xcassets in Resources */,
			);
			runOnlyForDeploymentPostprocessing = 0;
		};
		AD5DE8D62A8017AA00FFD1D6 /* Resources */ = {
			isa = PBXResourcesBuildPhase;
			buildActionMask = 2147483647;
			files = (
			);
			runOnlyForDeploymentPostprocessing = 0;
		};
		AD5DE8E02A8017AA00FFD1D6 /* Resources */ = {
			isa = PBXResourcesBuildPhase;
			buildActionMask = 2147483647;
			files = (
			);
			runOnlyForDeploymentPostprocessing = 0;
		};
/* End PBXResourcesBuildPhase section */

/* Begin PBXSourcesBuildPhase section */
		AD5DE8C42A8017A800FFD1D6 /* Sources */ = {
			isa = PBXSourcesBuildPhase;
			buildActionMask = 2147483647;
			files = (
				AD5E4F4D2A80A5C90068FA1B /* NetworkManager.swift in Sources */,
				AD5E4F4F2A80A7F50068FA1B /* PostData.swift in Sources */,
				AD5DE8CE2A8017A800FFD1D6 /* ContentView.swift in Sources */,
				AD34D0C32A817BB10013394A /* WebView.swift in Sources */,
				AD34D0C12A8160A60013394A /* DetailView.swift in Sources */,
				AD5DE8CC2A8017A800FFD1D6 /* Hacker_NewsApp.swift in Sources */,
			);
			runOnlyForDeploymentPostprocessing = 0;
		};
		AD5DE8D42A8017AA00FFD1D6 /* Sources */ = {
			isa = PBXSourcesBuildPhase;
			buildActionMask = 2147483647;
			files = (
				AD5DE8DD2A8017AA00FFD1D6 /* Hacker_NewsTests.swift in Sources */,
			);
			runOnlyForDeploymentPostprocessing = 0;
		};
		AD5DE8DE2A8017AA00FFD1D6 /* Sources */ = {
			isa = PBXSourcesBuildPhase;
			buildActionMask = 2147483647;
			files = (
				AD5DE8E72A8017AA00FFD1D6 /* Hacker_NewsUITests.swift in Sources */,
				AD5DE8E92A8017AA00FFD1D6 /* Hacker_NewsUITestsLaunchTests.swift in Sources */,
			);
			runOnlyForDeploymentPostprocessing = 0;
		};
/* End PBXSourcesBuildPhase section */

/* Begin PBXTargetDependency section */
		AD5DE8DA2A8017AA00FFD1D6 /* PBXTargetDependency */ = {
			isa = PBXTargetDependency;
			target = AD5DE8C72A8017A800FFD1D6 /* Hacker News */;
			targetProxy = AD5DE8D92A8017AA00FFD1D6 /* PBXContainerItemProxy */;
		};
		AD5DE8E42A8017AA00FFD1D6 /* PBXTargetDependency */ = {
			isa = PBXTargetDependency;
			target = AD5DE8C72A8017A800FFD1D6 /* Hacker News */;
			targetProxy = AD5DE8E32A8017AA00FFD1D6 /* PBXContainerItemProxy */;
		};
/* End PBXTargetDependency section */

/* Begin XCBuildConfiguration section */
		AD5DE8EA2A8017AA00FFD1D6 /* Debug */ = {
			isa = XCBuildConfiguration;
			buildSettings = {
				ALWAYS_SEARCH_USER_PATHS = NO;
				CLANG_ANALYZER_NONNULL = YES;
				CLANG_ANALYZER_NUMBER_OBJECT_CONVERSION = YES_AGGRESSIVE;
				CLANG_CXX_LANGUAGE_STANDARD = "gnu++20";
				CLANG_ENABLE_MODULES = YES;
				CLANG_ENABLE_OBJC_ARC = YES;
				CLANG_ENABLE_OBJC_WEAK = YES;
				CLANG_WARN_BLOCK_CAPTURE_AUTORELEASING = YES;
				CLANG_WARN_BOOL_CONVERSION = YES;
				CLANG_WARN_COMMA = YES;
				CLANG_WARN_CONSTANT_CONVERSION = YES;
				CLANG_WARN_DEPRECATED_OBJC_IMPLEMENTATIONS = YES;
				CLANG_WARN_DIRECT_OBJC_ISA_USAGE = YES_ERROR;
				CLANG_WARN_DOCUMENTATION_COMMENTS = YES;
				CLANG_WARN_EMPTY_BODY = YES;
				CLANG_WARN_ENUM_CONVERSION = YES;
				CLANG_WARN_INFINITE_RECURSION = YES;
				CLANG_WARN_INT_CONVERSION = YES;
				CLANG_WARN_NON_LITERAL_NULL_CONVERSION = YES;
				CLANG_WARN_OBJC_IMPLICIT_RETAIN_SELF = YES;
				CLANG_WARN_OBJC_LITERAL_CONVERSION = YES;
				CLANG_WARN_OBJC_ROOT_CLASS = YES_ERROR;
				CLANG_WARN_QUOTED_INCLUDE_IN_FRAMEWORK_HEADER = YES;
				CLANG_WARN_RANGE_LOOP_ANALYSIS = YES;
				CLANG_WARN_STRICT_PROTOTYPES = YES;
				CLANG_WARN_SUSPICIOUS_MOVE = YES;
				CLANG_WARN_UNGUARDED_AVAILABILITY = YES_AGGRESSIVE;
				CLANG_WARN_UNREACHABLE_CODE = YES;
				CLANG_WARN__DUPLICATE_METHOD_MATCH = YES;
				COPY_PHASE_STRIP = NO;
				DEBUG_INFORMATION_FORMAT = dwarf;
				ENABLE_STRICT_OBJC_MSGSEND = YES;
				ENABLE_TESTABILITY = YES;
				GCC_C_LANGUAGE_STANDARD = gnu11;
				GCC_DYNAMIC_NO_PIC = NO;
				GCC_NO_COMMON_BLOCKS = YES;
				GCC_OPTIMIZATION_LEVEL = 0;
				GCC_PREPROCESSOR_DEFINITIONS = (
					"DEBUG=1",
					"$(inherited)",
				);
				GCC_WARN_64_TO_32_BIT_CONVERSION = YES;
				GCC_WARN_ABOUT_RETURN_TYPE = YES_ERROR;
				GCC_WARN_UNDECLARED_SELECTOR = YES;
				GCC_WARN_UNINITIALIZED_AUTOS = YES_AGGRESSIVE;
				GCC_WARN_UNUSED_FUNCTION = YES;
				GCC_WARN_UNUSED_VARIABLE = YES;
				IPHONEOS_DEPLOYMENT_TARGET = 16.4;
				MTL_ENABLE_DEBUG_INFO = INCLUDE_SOURCE;
				MTL_FAST_MATH = YES;
				ONLY_ACTIVE_ARCH = YES;
				SDKROOT = iphoneos;
				SWIFT_ACTIVE_COMPILATION_CONDITIONS = DEBUG;
				SWIFT_OPTIMIZATION_LEVEL = "-Onone";
			};
			name = Debug;
		};
		AD5DE8EB2A8017AA00FFD1D6 /* Release */ = {
			isa = XCBuildConfiguration;
			buildSettings = {
				ALWAYS_SEARCH_USER_PATHS = NO;
				CLANG_ANALYZER_NONNULL = YES;
				CLANG_ANALYZER_NUMBER_OBJECT_CONVERSION = YES_AGGRESSIVE;
				CLANG_CXX_LANGUAGE_STANDARD = "gnu++20";
				CLANG_ENABLE_MODULES = YES;
				CLANG_ENABLE_OBJC_ARC = YES;
				CLANG_ENABLE_OBJC_WEAK = YES;
				CLANG_WARN_BLOCK_CAPTURE_AUTORELEASING = YES;
				CLANG_WARN_BOOL_CONVERSION = YES;
				CLANG_WARN_COMMA = YES;
				CLANG_WARN_CONSTANT_CONVERSION = YES;
				CLANG_WARN_DEPRECATED_OBJC_IMPLEMENTATIONS = YES;
				CLANG_WARN_DIRECT_OBJC_ISA_USAGE = YES_ERROR;
				CLANG_WARN_DOCUMENTATION_COMMENTS = YES;
				CLANG_WARN_EMPTY_BODY = YES;
				CLANG_WARN_ENUM_CONVERSION = YES;
				CLANG_WARN_INFINITE_RECURSION = YES;
				CLANG_WARN_INT_CONVERSION = YES;
				CLANG_WARN_NON_LITERAL_NULL_CONVERSION = YES;
				CLANG_WARN_OBJC_IMPLICIT_RETAIN_SELF = YES;
				CLANG_WARN_OBJC_LITERAL_CONVERSION = YES;
				CLANG_WARN_OBJC_ROOT_CLASS = YES_ERROR;
				CLANG_WARN_QUOTED_INCLUDE_IN_FRAMEWORK_HEADER = YES;
				CLANG_WARN_RANGE_LOOP_ANALYSIS = YES;
				CLANG_WARN_STRICT_PROTOTYPES = YES;
				CLANG_WARN_SUSPICIOUS_MOVE = YES;
				CLANG_WARN_UNGUARDED_AVAILABILITY = YES_AGGRESSIVE;
				CLANG_WARN_UNREACHABLE_CODE = YES;
				CLANG_WARN__DUPLICATE_METHOD_MATCH = YES;
				COPY_PHASE_STRIP = NO;
				DEBUG_INFORMATION_FORMAT = "dwarf-with-dsym";
				ENABLE_NS_ASSERTIONS = NO;
				ENABLE_STRICT_OBJC_MSGSEND = YES;
				GCC_C_LANGUAGE_STANDARD = gnu11;
				GCC_NO_COMMON_BLOCKS = YES;
				GCC_WARN_64_TO_32_BIT_CONVERSION = YES;
				GCC_WARN_ABOUT_RETURN_TYPE = YES_ERROR;
				GCC_WARN_UNDECLARED_SELECTOR = YES;
				GCC_WARN_UNINITIALIZED_AUTOS = YES_AGGRESSIVE;
				GCC_WARN_UNUSED_FUNCTION = YES;
				GCC_WARN_UNUSED_VARIABLE = YES;
				IPHONEOS_DEPLOYMENT_TARGET = 16.4;
				MTL_ENABLE_DEBUG_INFO = NO;
				MTL_FAST_MATH = YES;
				SDKROOT = iphoneos;
				SWIFT_COMPILATION_MODE = wholemodule;
				SWIFT_OPTIMIZATION_LEVEL = "-O";
				VALIDATE_PRODUCT = YES;
			};
			name = Release;
		};
		AD5DE8ED2A8017AA00FFD1D6 /* Debug */ = {
			isa = XCBuildConfiguration;
			buildSettings = {
				ASSETCATALOG_COMPILER_APPICON_NAME = AppIcon;
				ASSETCATALOG_COMPILER_GLOBAL_ACCENT_COLOR_NAME = AccentColor;
				CODE_SIGN_STYLE = Automatic;
				CURRENT_PROJECT_VERSION = 1;
				DEVELOPMENT_ASSET_PATHS = "\"Hacker News/Preview Content\"";
				DEVELOPMENT_TEAM = 8UVX8S9GMJ;
				ENABLE_PREVIEWS = YES;
				GENERATE_INFOPLIST_FILE = YES;
				INFOPLIST_KEY_UIApplicationSceneManifest_Generation = YES;
				INFOPLIST_KEY_UIApplicationSupportsIndirectInputEvents = YES;
				INFOPLIST_KEY_UILaunchScreen_Generation = YES;
				INFOPLIST_KEY_UISupportedInterfaceOrientations_iPad = "UIInterfaceOrientationPortrait UIInterfaceOrientationPortraitUpsideDown UIInterfaceOrientationLandscapeLeft UIInterfaceOrientationLandscapeRight";
				INFOPLIST_KEY_UISupportedInterfaceOrientations_iPhone = "UIInterfaceOrientationPortrait UIInterfaceOrientationLandscapeLeft UIInterfaceOrientationLandscapeRight";
				LD_RUNPATH_SEARCH_PATHS = (
					"$(inherited)",
					"@executable_path/Frameworks",
				);
				MARKETING_VERSION = 1.0;
				PRODUCT_BUNDLE_IDENTIFIER = "com.pranav.Hacker-News";
				PRODUCT_NAME = "$(TARGET_NAME)";
				SWIFT_EMIT_LOC_STRINGS = YES;
				SWIFT_VERSION = 5.0;
				TARGETED_DEVICE_FAMILY = "1,2";
			};
			name = Debug;
		};
		AD5DE8EE2A8017AA00FFD1D6 /* Release */ = {
			isa = XCBuildConfiguration;
			buildSettings = {
				ASSETCATALOG_COMPILER_APPICON_NAME = AppIcon;
				ASSETCATALOG_COMPILER_GLOBAL_ACCENT_COLOR_NAME = AccentColor;
				CODE_SIGN_STYLE = Automatic;
				CURRENT_PROJECT_VERSION = 1;
				DEVELOPMENT_ASSET_PATHS = "\"Hacker News/Preview Content\"";
				DEVELOPMENT_TEAM = 8UVX8S9GMJ;
				ENABLE_PREVIEWS = YES;
				GENERATE_INFOPLIST_FILE = YES;
				INFOPLIST_KEY_UIApplicationSceneManifest_Generation = YES;
				INFOPLIST_KEY_UIApplicationSupportsIndirectInputEvents = YES;
				INFOPLIST_KEY_UILaunchScreen_Generation = YES;
				INFOPLIST_KEY_UISupportedInterfaceOrientations_iPad = "UIInterfaceOrientationPortrait UIInterfaceOrientationPortraitUpsideDown UIInterfaceOrientationLandscapeLeft UIInterfaceOrientationLandscapeRight";
				INFOPLIST_KEY_UISupportedInterfaceOrientations_iPhone = "UIInterfaceOrientationPortrait UIInterfaceOrientationLandscapeLeft UIInterfaceOrientationLandscapeRight";
				LD_RUNPATH_SEARCH_PATHS = (
					"$(inherited)",
					"@executable_path/Frameworks",
				);
				MARKETING_VERSION = 1.0;
				PRODUCT_BUNDLE_IDENTIFIER = "com.pranav.Hacker-News";
				PRODUCT_NAME = "$(TARGET_NAME)";
				SWIFT_EMIT_LOC_STRINGS = YES;
				SWIFT_VERSION = 5.0;
				TARGETED_DEVICE_FAMILY = "1,2";
			};
			name = Release;
		};
		AD5DE8F02A8017AA00FFD1D6 /* Debug */ = {
			isa = XCBuildConfiguration;
			buildSettings = {
				ALWAYS_EMBED_SWIFT_STANDARD_LIBRARIES = YES;
				BUNDLE_LOADER = "$(TEST_HOST)";
				CODE_SIGN_STYLE = Automatic;
				CURRENT_PROJECT_VERSION = 1;
				GENERATE_INFOPLIST_FILE = YES;
				IPHONEOS_DEPLOYMENT_TARGET = 16.4;
				MARKETING_VERSION = 1.0;
				PRODUCT_BUNDLE_IDENTIFIER = "com.pranav.Hacker-NewsTests";
				PRODUCT_NAME = "$(TARGET_NAME)";
				SWIFT_EMIT_LOC_STRINGS = NO;
				SWIFT_VERSION = 5.0;
				TARGETED_DEVICE_FAMILY = "1,2";
				TEST_HOST = "$(BUILT_PRODUCTS_DIR)/Hacker News.app/$(BUNDLE_EXECUTABLE_FOLDER_PATH)/Hacker News";
			};
			name = Debug;
		};
		AD5DE8F12A8017AA00FFD1D6 /* Release */ = {
			isa = XCBuildConfiguration;
			buildSettings = {
				ALWAYS_EMBED_SWIFT_STANDARD_LIBRARIES = YES;
				BUNDLE_LOADER = "$(TEST_HOST)";
				CODE_SIGN_STYLE = Automatic;
				CURRENT_PROJECT_VERSION = 1;
				GENERATE_INFOPLIST_FILE = YES;
				IPHONEOS_DEPLOYMENT_TARGET = 16.4;
				MARKETING_VERSION = 1.0;
				PRODUCT_BUNDLE_IDENTIFIER = "com.pranav.Hacker-NewsTests";
				PRODUCT_NAME = "$(TARGET_NAME)";
				SWIFT_EMIT_LOC_STRINGS = NO;
				SWIFT_VERSION = 5.0;
				TARGETED_DEVICE_FAMILY = "1,2";
				TEST_HOST = "$(BUILT_PRODUCTS_DIR)/Hacker News.app/$(BUNDLE_EXECUTABLE_FOLDER_PATH)/Hacker News";
			};
			name = Release;
		};
		AD5DE8F32A8017AA00FFD1D6 /* Debug */ = {
			isa = XCBuildConfiguration;
			buildSettings = {
				ALWAYS_EMBED_SWIFT_STANDARD_LIBRARIES = YES;
				CODE_SIGN_STYLE = Automatic;
				CURRENT_PROJECT_VERSION = 1;
				GENERATE_INFOPLIST_FILE = YES;
				MARKETING_VERSION = 1.0;
				PRODUCT_BUNDLE_IDENTIFIER = "com.pranav.Hacker-NewsUITests";
				PRODUCT_NAME = "$(TARGET_NAME)";
				SWIFT_EMIT_LOC_STRINGS = NO;
				SWIFT_VERSION = 5.0;
				TARGETED_DEVICE_FAMILY = "1,2";
				TEST_TARGET_NAME = "Hacker News";
			};
			name = Debug;
		};
		AD5DE8F42A8017AA00FFD1D6 /* Release */ = {
			isa = XCBuildConfiguration;
			buildSettings = {
				ALWAYS_EMBED_SWIFT_STANDARD_LIBRARIES = YES;
				CODE_SIGN_STYLE = Automatic;
				CURRENT_PROJECT_VERSION = 1;
				GENERATE_INFOPLIST_FILE = YES;
				MARKETING_VERSION = 1.0;
				PRODUCT_BUNDLE_IDENTIFIER = "com.pranav.Hacker-NewsUITests";
				PRODUCT_NAME = "$(TARGET_NAME)";
				SWIFT_EMIT_LOC_STRINGS = NO;
				SWIFT_VERSION = 5.0;
				TARGETED_DEVICE_FAMILY = "1,2";
				TEST_TARGET_NAME = "Hacker News";
			};
			name = Release;
		};
/* End XCBuildConfiguration section */

/* Begin XCConfigurationList section */
		AD5DE8C32A8017A800FFD1D6 /* Build configuration list for PBXProject "Hacker News" */ = {
			isa = XCConfigurationList;
			buildConfigurations = (
				AD5DE8EA2A8017AA00FFD1D6 /* Debug */,
				AD5DE8EB2A8017AA00FFD1D6 /* Release */,
			);
			defaultConfigurationIsVisible = 0;
			defaultConfigurationName = Release;
		};
		AD5DE8EC2A8017AA00FFD1D6 /* Build configuration list for PBXNativeTarget "Hacker News" */ = {
			isa = XCConfigurationList;
			buildConfigurations = (
				AD5DE8ED2A8017AA00FFD1D6 /* Debug */,
				AD5DE8EE2A8017AA00FFD1D6 /* Release */,
			);
			defaultConfigurationIsVisible = 0;
			defaultConfigurationName = Release;
		};
		AD5DE8EF2A8017AA00FFD1D6 /* Build configuration list for PBXNativeTarget "Hacker NewsTests" */ = {
			isa = XCConfigurationList;
			buildConfigurations = (
				AD5DE8F02A8017AA00FFD1D6 /* Debug */,
				AD5DE8F12A8017AA00FFD1D6 /* Release */,
			);
			defaultConfigurationIsVisible = 0;
			defaultConfigurationName = Release;
		};
		AD5DE8F22A8017AA00FFD1D6 /* Build configuration list for PBXNativeTarget "Hacker NewsUITests" */ = {
			isa = XCConfigurationList;
			buildConfigurations = (
				AD5DE8F32A8017AA00FFD1D6 /* Debug */,
				AD5DE8F42A8017AA00FFD1D6 /* Release */,
			);
			defaultConfigurationIsVisible = 0;
			defaultConfigurationName = Release;
		};
/* End XCConfigurationList section */
	};
	rootObject = AD5DE8C02A8017A800FFD1D6 /* Project object */;
}
