// !$*UTF8*$!
{
	archiveVersion = 1;
	classes = {
	};
	objectVersion = 56;
	objects = {

/* Begin PBXBuildFile section */
		AD4C68B32A56F0390009F8B6 /* Assets in Resources */ = {isa = PBXBuildFile; fileRef = AD4C68B22A56F0390009F8B6 /* Assets */; };
		AD7ACC1B2A569F0D00FF6C18 /* AppDelegate.swift in Sources */ = {isa = PBXBuildFile; fileRef = AD7ACC1A2A569F0D00FF6C18 /* AppDelegate.swift */; };
		AD7ACC1D2A569F0D00FF6C18 /* SceneDelegate.swift in Sources */ = {isa = PBXBuildFile; fileRef = AD7ACC1C2A569F0D00FF6C18 /* SceneDelegate.swift */; };
		AD7ACC1F2A569F0D00FF6C18 /* ViewController.swift in Sources */ = {isa = PBXBuildFile; fileRef = AD7ACC1E2A569F0D00FF6C18 /* ViewController.swift */; };
		AD7ACC222A569F0D00FF6C18 /* Main.storyboard in Resources */ = {isa = PBXBuildFile; fileRef = AD7ACC202A569F0D00FF6C18 /* Main.storyboard */; };
		AD7ACC242A569F0F00FF6C18 /* Assets.xcassets in Resources */ = {isa = PBXBuildFile; fileRef = AD7ACC232A569F0F00FF6C18 /* Assets.xcassets */; };
		AD7ACC272A569F0F00FF6C18 /* LaunchScreen.storyboard in Resources */ = {isa = PBXBuildFile; fileRef = AD7ACC252A569F0F00FF6C18 /* LaunchScreen.storyboard */; };
		AD7ACC322A569F0F00FF6C18 /* L4ProTests.swift in Sources */ = {isa = PBXBuildFile; fileRef = AD7ACC312A569F0F00FF6C18 /* L4ProTests.swift */; };
		AD7ACC3C2A569F0F00FF6C18 /* L4ProUITests.swift in Sources */ = {isa = PBXBuildFile; fileRef = AD7ACC3B2A569F0F00FF6C18 /* L4ProUITests.swift */; };
		AD7ACC3E2A569F0F00FF6C18 /* L4ProUITestsLaunchTests.swift in Sources */ = {isa = PBXBuildFile; fileRef = AD7ACC3D2A569F0F00FF6C18 /* L4ProUITestsLaunchTests.swift */; };
/* End PBXBuildFile section */

/* Begin PBXContainerItemProxy section */
		AD7ACC2E2A569F0F00FF6C18 /* PBXContainerItemProxy */ = {
			isa = PBXContainerItemProxy;
			containerPortal = AD7ACC0F2A569F0D00FF6C18 /* Project object */;
			proxyType = 1;
			remoteGlobalIDString = AD7ACC162A569F0D00FF6C18;
			remoteInfo = L4Pro;
		};
		AD7ACC382A569F0F00FF6C18 /* PBXContainerItemProxy */ = {
			isa = PBXContainerItemProxy;
			containerPortal = AD7ACC0F2A569F0D00FF6C18 /* Project object */;
			proxyType = 1;
			remoteGlobalIDString = AD7ACC162A569F0D00FF6C18;
			remoteInfo = L4Pro;
		};
/* End PBXContainerItemProxy section */

/* Begin PBXFileReference section */
		AD4C68B22A56F0390009F8B6 /* Assets */ = {isa = PBXFileReference; fileEncoding = 4; lastKnownFileType = folder; name = Assets; path = L4Pro/Assets; sourceTree = SOURCE_ROOT; };
		AD7ACC172A569F0D00FF6C18 /* L4Pro.app */ = {isa = PBXFileReference; explicitFileType = wrapper.application; includeInIndex = 0; path = L4Pro.app; sourceTree = BUILT_PRODUCTS_DIR; };
		AD7ACC1A2A569F0D00FF6C18 /* AppDelegate.swift */ = {isa = PBXFileReference; lastKnownFileType = sourcecode.swift; path = AppDelegate.swift; sourceTree = "<group>"; };
		AD7ACC1C2A569F0D00FF6C18 /* SceneDelegate.swift */ = {isa = PBXFileReference; lastKnownFileType = sourcecode.swift; path = SceneDelegate.swift; sourceTree = "<group>"; };
		AD7ACC1E2A569F0D00FF6C18 /* ViewController.swift */ = {isa = PBXFileReference; lastKnownFileType = sourcecode.swift; path = ViewController.swift; sourceTree = "<group>"; };
		AD7ACC212A569F0D00FF6C18 /* Base */ = {isa = PBXFileReference; lastKnownFileType = file.storyboard; name = Base; path = Base.lproj/Main.storyboard; sourceTree = "<group>"; };
		AD7ACC232A569F0F00FF6C18 /* Assets.xcassets */ = {isa = PBXFileReference; lastKnownFileType = folder.assetcatalog; path = Assets.xcassets; sourceTree = "<group>"; };
		AD7ACC262A569F0F00FF6C18 /* Base */ = {isa = PBXFileReference; lastKnownFileType = file.storyboard; name = Base; path = Base.lproj/LaunchScreen.storyboard; sourceTree = "<group>"; };
		AD7ACC282A569F0F00FF6C18 /* Info.plist */ = {isa = PBXFileReference; lastKnownFileType = text.plist.xml; path = Info.plist; sourceTree = "<group>"; };
		AD7ACC2D2A569F0F00FF6C18 /* L4ProTests.xctest */ = {isa = PBXFileReference; explicitFileType = wrapper.cfbundle; includeInIndex = 0; path = L4ProTests.xctest; sourceTree = BUILT_PRODUCTS_DIR; };
		AD7ACC312A569F0F00FF6C18 /* L4ProTests.swift */ = {isa = PBXFileReference; lastKnownFileType = sourcecode.swift; path = L4ProTests.swift; sourceTree = "<group>"; };
		AD7ACC372A569F0F00FF6C18 /* L4ProUITests.xctest */ = {isa = PBXFileReference; explicitFileType = wrapper.cfbundle; includeInIndex = 0; path = L4ProUITests.xctest; sourceTree = BUILT_PRODUCTS_DIR; };
		AD7ACC3B2A569F0F00FF6C18 /* L4ProUITests.swift */ = {isa = PBXFileReference; lastKnownFileType = sourcecode.swift; path = L4ProUITests.swift; sourceTree = "<group>"; };
		AD7ACC3D2A569F0F00FF6C18 /* L4ProUITestsLaunchTests.swift */ = {isa = PBXFileReference; lastKnownFileType = sourcecode.swift; path = L4ProUITestsLaunchTests.swift; sourceTree = "<group>"; };
/* End PBXFileReference section */

/* Begin PBXFrameworksBuildPhase section */
		AD7ACC142A569F0D00FF6C18 /* Frameworks */ = {
			isa = PBXFrameworksBuildPhase;
			buildActionMask = 2147483647;
			files = (
			);
			runOnlyForDeploymentPostprocessing = 0;
		};
		AD7ACC2A2A569F0F00FF6C18 /* Frameworks */ = {
			isa = PBXFrameworksBuildPhase;
			buildActionMask = 2147483647;
			files = (
			);
			runOnlyForDeploymentPostprocessing = 0;
		};
		AD7ACC342A569F0F00FF6C18 /* Frameworks */ = {
			isa = PBXFrameworksBuildPhase;
			buildActionMask = 2147483647;
			files = (
			);
			runOnlyForDeploymentPostprocessing = 0;
		};
/* End PBXFrameworksBuildPhase section */

/* Begin PBXGroup section */
		AD7ACC0E2A569F0D00FF6C18 = {
			isa = PBXGroup;
			children = (
				AD7ACC192A569F0D00FF6C18 /* L4Pro */,
				AD7ACC302A569F0F00FF6C18 /* L4ProTests */,
				AD7ACC3A2A569F0F00FF6C18 /* L4ProUITests */,
				AD7ACC182A569F0D00FF6C18 /* Products */,
			);
			sourceTree = "<group>";
		};
		AD7ACC182A569F0D00FF6C18 /* Products */ = {
			isa = PBXGroup;
			children = (
				AD7ACC172A569F0D00FF6C18 /* L4Pro.app */,
				AD7ACC2D2A569F0F00FF6C18 /* L4ProTests.xctest */,
				AD7ACC372A569F0F00FF6C18 /* L4ProUITests.xctest */,
			);
			name = Products;
			sourceTree = "<group>";
		};
		AD7ACC192A569F0D00FF6C18 /* L4Pro */ = {
			isa = PBXGroup;
			children = (
				AD4C68B22A56F0390009F8B6 /* Assets */,
				AD7ACC1A2A569F0D00FF6C18 /* AppDelegate.swift */,
				AD7ACC1C2A569F0D00FF6C18 /* SceneDelegate.swift */,
				AD7ACC1E2A569F0D00FF6C18 /* ViewController.swift */,
				AD7ACC202A569F0D00FF6C18 /* Main.storyboard */,
				AD7ACC232A569F0F00FF6C18 /* Assets.xcassets */,
				AD7ACC252A569F0F00FF6C18 /* LaunchScreen.storyboard */,
				AD7ACC282A569F0F00FF6C18 /* Info.plist */,
			);
			path = L4Pro;
			sourceTree = "<group>";
		};
		AD7ACC302A569F0F00FF6C18 /* L4ProTests */ = {
			isa = PBXGroup;
			children = (
				AD7ACC312A569F0F00FF6C18 /* L4ProTests.swift */,
			);
			path = L4ProTests;
			sourceTree = "<group>";
		};
		AD7ACC3A2A569F0F00FF6C18 /* L4ProUITests */ = {
			isa = PBXGroup;
			children = (
				AD7ACC3B2A569F0F00FF6C18 /* L4ProUITests.swift */,
				AD7ACC3D2A569F0F00FF6C18 /* L4ProUITestsLaunchTests.swift */,
			);
			path = L4ProUITests;
			sourceTree = "<group>";
		};
/* End PBXGroup section */

/* Begin PBXNativeTarget section */
		AD7ACC162A569F0D00FF6C18 /* L4Pro */ = {
			isa = PBXNativeTarget;
			buildConfigurationList = AD7ACC412A569F0F00FF6C18 /* Build configuration list for PBXNativeTarget "L4Pro" */;
			buildPhases = (
				AD7ACC132A569F0D00FF6C18 /* Sources */,
				AD7ACC142A569F0D00FF6C18 /* Frameworks */,
				AD7ACC152A569F0D00FF6C18 /* Resources */,
			);
			buildRules = (
			);
			dependencies = (
			);
			name = L4Pro;
			productName = L4Pro;
			productReference = AD7ACC172A569F0D00FF6C18 /* L4Pro.app */;
			productType = "com.apple.product-type.application";
		};
		AD7ACC2C2A569F0F00FF6C18 /* L4ProTests */ = {
			isa = PBXNativeTarget;
			buildConfigurationList = AD7ACC442A569F0F00FF6C18 /* Build configuration list for PBXNativeTarget "L4ProTests" */;
			buildPhases = (
				AD7ACC292A569F0F00FF6C18 /* Sources */,
				AD7ACC2A2A569F0F00FF6C18 /* Frameworks */,
				AD7ACC2B2A569F0F00FF6C18 /* Resources */,
			);
			buildRules = (
			);
			dependencies = (
				AD7ACC2F2A569F0F00FF6C18 /* PBXTargetDependency */,
			);
			name = L4ProTests;
			productName = L4ProTests;
			productReference = AD7ACC2D2A569F0F00FF6C18 /* L4ProTests.xctest */;
			productType = "com.apple.product-type.bundle.unit-test";
		};
		AD7ACC362A569F0F00FF6C18 /* L4ProUITests */ = {
			isa = PBXNativeTarget;
			buildConfigurationList = AD7ACC472A569F0F00FF6C18 /* Build configuration list for PBXNativeTarget "L4ProUITests" */;
			buildPhases = (
				AD7ACC332A569F0F00FF6C18 /* Sources */,
				AD7ACC342A569F0F00FF6C18 /* Frameworks */,
				AD7ACC352A569F0F00FF6C18 /* Resources */,
			);
			buildRules = (
			);
			dependencies = (
				AD7ACC392A569F0F00FF6C18 /* PBXTargetDependency */,
			);
			name = L4ProUITests;
			productName = L4ProUITests;
			productReference = AD7ACC372A569F0F00FF6C18 /* L4ProUITests.xctest */;
			productType = "com.apple.product-type.bundle.ui-testing";
		};
/* End PBXNativeTarget section */

/* Begin PBXProject section */
		AD7ACC0F2A569F0D00FF6C18 /* Project object */ = {
			isa = PBXProject;
			attributes = {
				BuildIndependentTargetsInParallel = 1;
				LastSwiftUpdateCheck = 1430;
				LastUpgradeCheck = 1430;
				TargetAttributes = {
					AD7ACC162A569F0D00FF6C18 = {
						CreatedOnToolsVersion = 14.3.1;
					};
					AD7ACC2C2A569F0F00FF6C18 = {
						CreatedOnToolsVersion = 14.3.1;
						TestTargetID = AD7ACC162A569F0D00FF6C18;
					};
					AD7ACC362A569F0F00FF6C18 = {
						CreatedOnToolsVersion = 14.3.1;
						TestTargetID = AD7ACC162A569F0D00FF6C18;
					};
				};
			};
			buildConfigurationList = AD7ACC122A569F0D00FF6C18 /* Build configuration list for PBXProject "L4Pro" */;
			compatibilityVersion = "Xcode 14.0";
			developmentRegion = en;
			hasScannedForEncodings = 0;
			knownRegions = (
				en,
				Base,
			);
			mainGroup = AD7ACC0E2A569F0D00FF6C18;
			productRefGroup = AD7ACC182A569F0D00FF6C18 /* Products */;
			projectDirPath = "";
			projectRoot = "";
			targets = (
				AD7ACC162A569F0D00FF6C18 /* L4Pro */,
				AD7ACC2C2A569F0F00FF6C18 /* L4ProTests */,
				AD7ACC362A569F0F00FF6C18 /* L4ProUITests */,
			);
		};
/* End PBXProject section */

/* Begin PBXResourcesBuildPhase section */
		AD7ACC152A569F0D00FF6C18 /* Resources */ = {
			isa = PBXResourcesBuildPhase;
			buildActionMask = 2147483647;
			files = (
				AD7ACC272A569F0F00FF6C18 /* LaunchScreen.storyboard in Resources */,
				AD7ACC242A569F0F00FF6C18 /* Assets.xcassets in Resources */,
				AD7ACC222A569F0D00FF6C18 /* Main.storyboard in Resources */,
			);
			runOnlyForDeploymentPostprocessing = 0;
		};
		AD7ACC2B2A569F0F00FF6C18 /* Resources */ = {
			isa = PBXResourcesBuildPhase;
			buildActionMask = 2147483647;
			files = (
			);
			runOnlyForDeploymentPostprocessing = 0;
		};
		AD7ACC352A569F0F00FF6C18 /* Resources */ = {
			isa = PBXResourcesBuildPhase;
			buildActionMask = 2147483647;
			files = (
				AD4C68B32A56F0390009F8B6 /* Assets in Resources */,
			);
			runOnlyForDeploymentPostprocessing = 0;
		};
/* End PBXResourcesBuildPhase section */

/* Begin PBXSourcesBuildPhase section */
		AD7ACC132A569F0D00FF6C18 /* Sources */ = {
			isa = PBXSourcesBuildPhase;
			buildActionMask = 2147483647;
			files = (
				AD7ACC1F2A569F0D00FF6C18 /* ViewController.swift in Sources */,
				AD7ACC1B2A569F0D00FF6C18 /* AppDelegate.swift in Sources */,
				AD7ACC1D2A569F0D00FF6C18 /* SceneDelegate.swift in Sources */,
			);
			runOnlyForDeploymentPostprocessing = 0;
		};
		AD7ACC292A569F0F00FF6C18 /* Sources */ = {
			isa = PBXSourcesBuildPhase;
			buildActionMask = 2147483647;
			files = (
				AD7ACC322A569F0F00FF6C18 /* L4ProTests.swift in Sources */,
			);
			runOnlyForDeploymentPostprocessing = 0;
		};
		AD7ACC332A569F0F00FF6C18 /* Sources */ = {
			isa = PBXSourcesBuildPhase;
			buildActionMask = 2147483647;
			files = (
				AD7ACC3E2A569F0F00FF6C18 /* L4ProUITestsLaunchTests.swift in Sources */,
				AD7ACC3C2A569F0F00FF6C18 /* L4ProUITests.swift in Sources */,
			);
			runOnlyForDeploymentPostprocessing = 0;
		};
/* End PBXSourcesBuildPhase section */

/* Begin PBXTargetDependency section */
		AD7ACC2F2A569F0F00FF6C18 /* PBXTargetDependency */ = {
			isa = PBXTargetDependency;
			target = AD7ACC162A569F0D00FF6C18 /* L4Pro */;
			targetProxy = AD7ACC2E2A569F0F00FF6C18 /* PBXContainerItemProxy */;
		};
		AD7ACC392A569F0F00FF6C18 /* PBXTargetDependency */ = {
			isa = PBXTargetDependency;
			target = AD7ACC162A569F0D00FF6C18 /* L4Pro */;
			targetProxy = AD7ACC382A569F0F00FF6C18 /* PBXContainerItemProxy */;
		};
/* End PBXTargetDependency section */

/* Begin PBXVariantGroup section */
		AD7ACC202A569F0D00FF6C18 /* Main.storyboard */ = {
			isa = PBXVariantGroup;
			children = (
				AD7ACC212A569F0D00FF6C18 /* Base */,
			);
			name = Main.storyboard;
			sourceTree = "<group>";
		};
		AD7ACC252A569F0F00FF6C18 /* LaunchScreen.storyboard */ = {
			isa = PBXVariantGroup;
			children = (
				AD7ACC262A569F0F00FF6C18 /* Base */,
			);
			name = LaunchScreen.storyboard;
			sourceTree = "<group>";
		};
/* End PBXVariantGroup section */

/* Begin XCBuildConfiguration section */
		AD7ACC3F2A569F0F00FF6C18 /* Debug */ = {
			isa = XCBuildConfiguration;
			buildSettings = {
				ALWAYS_SEARCH_USER_PATHS = NO;
				CLANG_ANALYZER_NONNULL = YES;
				CLANG_ANALYZER_NUMBER_OBJECT_CONVERSION = YES_AGGRESSIVE;
				CLANG_CXX_LANGUAGE_STANDARD = "gnu++20";
				CLANG_ENABLE_MODULES = YES;
				CLANG_ENABLE_OBJC_ARC = YES;
				CLANG_ENABLE_OBJC_WEAK = YES;
				CLANG_WARN_BLOCK_CAPTURE_AUTORELEASING = YES;
				CLANG_WARN_BOOL_CONVERSION = YES;
				CLANG_WARN_COMMA = YES;
				CLANG_WARN_CONSTANT_CONVERSION = YES;
				CLANG_WARN_DEPRECATED_OBJC_IMPLEMENTATIONS = YES;
				CLANG_WARN_DIRECT_OBJC_ISA_USAGE = YES_ERROR;
				CLANG_WARN_DOCUMENTATION_COMMENTS = YES;
				CLANG_WARN_EMPTY_BODY = YES;
				CLANG_WARN_ENUM_CONVERSION = YES;
				CLANG_WARN_INFINITE_RECURSION = YES;
				CLANG_WARN_INT_CONVERSION = YES;
				CLANG_WARN_NON_LITERAL_NULL_CONVERSION = YES;
				CLANG_WARN_OBJC_IMPLICIT_RETAIN_SELF = YES;
				CLANG_WARN_OBJC_LITERAL_CONVERSION = YES;
				CLANG_WARN_OBJC_ROOT_CLASS = YES_ERROR;
				CLANG_WARN_QUOTED_INCLUDE_IN_FRAMEWORK_HEADER = YES;
				CLANG_WARN_RANGE_LOOP_ANALYSIS = YES;
				CLANG_WARN_STRICT_PROTOTYPES = YES;
				CLANG_WARN_SUSPICIOUS_MOVE = YES;
				CLANG_WARN_UNGUARDED_AVAILABILITY = YES_AGGRESSIVE;
				CLANG_WARN_UNREACHABLE_CODE = YES;
				CLANG_WARN__DUPLICATE_METHOD_MATCH = YES;
				COPY_PHASE_STRIP = NO;
				DEBUG_INFORMATION_FORMAT = dwarf;
				ENABLE_STRICT_OBJC_MSGSEND = YES;
				ENABLE_TESTABILITY = YES;
				GCC_C_LANGUAGE_STANDARD = gnu11;
				GCC_DYNAMIC_NO_PIC = NO;
				GCC_NO_COMMON_BLOCKS = YES;
				GCC_OPTIMIZATION_LEVEL = 0;
				GCC_PREPROCESSOR_DEFINITIONS = (
					"DEBUG=1",
					"$(inherited)",
				);
				GCC_WARN_64_TO_32_BIT_CONVERSION = YES;
				GCC_WARN_ABOUT_RETURN_TYPE = YES_ERROR;
				GCC_WARN_UNDECLARED_SELECTOR = YES;
				GCC_WARN_UNINITIALIZED_AUTOS = YES_AGGRESSIVE;
				GCC_WARN_UNUSED_FUNCTION = YES;
				GCC_WARN_UNUSED_VARIABLE = YES;
				IPHONEOS_DEPLOYMENT_TARGET = 16.4;
				MTL_ENABLE_DEBUG_INFO = INCLUDE_SOURCE;
				MTL_FAST_MATH = YES;
				ONLY_ACTIVE_ARCH = YES;
				SDKROOT = iphoneos;
				SWIFT_ACTIVE_COMPILATION_CONDITIONS = DEBUG;
				SWIFT_OPTIMIZATION_LEVEL = "-Onone";
			};
			name = Debug;
		};
		AD7ACC402A569F0F00FF6C18 /* Release */ = {
			isa = XCBuildConfiguration;
			buildSettings = {
				ALWAYS_SEARCH_USER_PATHS = NO;
				CLANG_ANALYZER_NONNULL = YES;
				CLANG_ANALYZER_NUMBER_OBJECT_CONVERSION = YES_AGGRESSIVE;
				CLANG_CXX_LANGUAGE_STANDARD = "gnu++20";
				CLANG_ENABLE_MODULES = YES;
				CLANG_ENABLE_OBJC_ARC = YES;
				CLANG_ENABLE_OBJC_WEAK = YES;
				CLANG_WARN_BLOCK_CAPTURE_AUTORELEASING = YES;
				CLANG_WARN_BOOL_CONVERSION = YES;
				CLANG_WARN_COMMA = YES;
				CLANG_WARN_CONSTANT_CONVERSION = YES;
				CLANG_WARN_DEPRECATED_OBJC_IMPLEMENTATIONS = YES;
				CLANG_WARN_DIRECT_OBJC_ISA_USAGE = YES_ERROR;
				CLANG_WARN_DOCUMENTATION_COMMENTS = YES;
				CLANG_WARN_EMPTY_BODY = YES;
				CLANG_WARN_ENUM_CONVERSION = YES;
				CLANG_WARN_INFINITE_RECURSION = YES;
				CLANG_WARN_INT_CONVERSION = YES;
				CLANG_WARN_NON_LITERAL_NULL_CONVERSION = YES;
				CLANG_WARN_OBJC_IMPLICIT_RETAIN_SELF = YES;
				CLANG_WARN_OBJC_LITERAL_CONVERSION = YES;
				CLANG_WARN_OBJC_ROOT_CLASS = YES_ERROR;
				CLANG_WARN_QUOTED_INCLUDE_IN_FRAMEWORK_HEADER = YES;
				CLANG_WARN_RANGE_LOOP_ANALYSIS = YES;
				CLANG_WARN_STRICT_PROTOTYPES = YES;
				CLANG_WARN_SUSPICIOUS_MOVE = YES;
				CLANG_WARN_UNGUARDED_AVAILABILITY = YES_AGGRESSIVE;
				CLANG_WARN_UNREACHABLE_CODE = YES;
				CLANG_WARN__DUPLICATE_METHOD_MATCH = YES;
				COPY_PHASE_STRIP = NO;
				DEBUG_INFORMATION_FORMAT = "dwarf-with-dsym";
				ENABLE_NS_ASSERTIONS = NO;
				ENABLE_STRICT_OBJC_MSGSEND = YES;
				GCC_C_LANGUAGE_STANDARD = gnu11;
				GCC_NO_COMMON_BLOCKS = YES;
				GCC_WARN_64_TO_32_BIT_CONVERSION = YES;
				GCC_WARN_ABOUT_RETURN_TYPE = YES_ERROR;
				GCC_WARN_UNDECLARED_SELECTOR = YES;
				GCC_WARN_UNINITIALIZED_AUTOS = YES_AGGRESSIVE;
				GCC_WARN_UNUSED_FUNCTION = YES;
				GCC_WARN_UNUSED_VARIABLE = YES;
				IPHONEOS_DEPLOYMENT_TARGET = 16.4;
				MTL_ENABLE_DEBUG_INFO = NO;
				MTL_FAST_MATH = YES;
				SDKROOT = iphoneos;
				SWIFT_COMPILATION_MODE = wholemodule;
				SWIFT_OPTIMIZATION_LEVEL = "-O";
				VALIDATE_PRODUCT = YES;
			};
			name = Release;
		};
		AD7ACC422A569F0F00FF6C18 /* Debug */ = {
			isa = XCBuildConfiguration;
			buildSettings = {
				ASSETCATALOG_COMPILER_APPICON_NAME = AppIcon;
				ASSETCATALOG_COMPILER_GLOBAL_ACCENT_COLOR_NAME = AccentColor;
				CODE_SIGN_STYLE = Automatic;
				CURRENT_PROJECT_VERSION = 1;
				GENERATE_INFOPLIST_FILE = YES;
				INFOPLIST_FILE = L4Pro/Info.plist;
				INFOPLIST_KEY_UIApplicationSupportsIndirectInputEvents = YES;
				INFOPLIST_KEY_UILaunchStoryboardName = LaunchScreen;
				INFOPLIST_KEY_UIMainStoryboardFile = Main;
				INFOPLIST_KEY_UISupportedInterfaceOrientations = "UIInterfaceOrientationLandscapeLeft UIInterfaceOrientationLandscapeRight UIInterfaceOrientationPortrait UIInterfaceOrientationPortraitUpsideDown";
				IPHONEOS_DEPLOYMENT_TARGET = 13.0;
				LD_RUNPATH_SEARCH_PATHS = (
					"$(inherited)",
					"@executable_path/Frameworks",
				);
				MARKETING_VERSION = 1.0;
				PRODUCT_BUNDLE_IDENTIFIER = com.pranav.L4Pro;
				PRODUCT_NAME = "$(TARGET_NAME)";
				SWIFT_EMIT_LOC_STRINGS = YES;
				SWIFT_VERSION = 5.0;
				TARGETED_DEVICE_FAMILY = "1,2";
			};
			name = Debug;
		};
		AD7ACC432A569F0F00FF6C18 /* Release */ = {
			isa = XCBuildConfiguration;
			buildSettings = {
				ASSETCATALOG_COMPILER_APPICON_NAME = AppIcon;
				ASSETCATALOG_COMPILER_GLOBAL_ACCENT_COLOR_NAME = AccentColor;
				CODE_SIGN_STYLE = Automatic;
				CURRENT_PROJECT_VERSION = 1;
				GENERATE_INFOPLIST_FILE = YES;
				INFOPLIST_FILE = L4Pro/Info.plist;
				INFOPLIST_KEY_UIApplicationSupportsIndirectInputEvents = YES;
				INFOPLIST_KEY_UILaunchStoryboardName = LaunchScreen;
				INFOPLIST_KEY_UIMainStoryboardFile = Main;
				INFOPLIST_KEY_UISupportedInterfaceOrientations = "UIInterfaceOrientationLandscapeLeft UIInterfaceOrientationLandscapeRight UIInterfaceOrientationPortrait UIInterfaceOrientationPortraitUpsideDown";
				IPHONEOS_DEPLOYMENT_TARGET = 13.0;
				LD_RUNPATH_SEARCH_PATHS = (
					"$(inherited)",
					"@executable_path/Frameworks",
				);
				MARKETING_VERSION = 1.0;
				PRODUCT_BUNDLE_IDENTIFIER = com.pranav.L4Pro;
				PRODUCT_NAME = "$(TARGET_NAME)";
				SWIFT_EMIT_LOC_STRINGS = YES;
				SWIFT_VERSION = 5.0;
				TARGETED_DEVICE_FAMILY = "1,2";
			};
			name = Release;
		};
		AD7ACC452A569F0F00FF6C18 /* Debug */ = {
			isa = XCBuildConfiguration;
			buildSettings = {
				ALWAYS_EMBED_SWIFT_STANDARD_LIBRARIES = YES;
				BUNDLE_LOADER = "$(TEST_HOST)";
				CODE_SIGN_STYLE = Automatic;
				CURRENT_PROJECT_VERSION = 1;
				GENERATE_INFOPLIST_FILE = YES;
				IPHONEOS_DEPLOYMENT_TARGET = 16.4;
				MARKETING_VERSION = 1.0;
				PRODUCT_BUNDLE_IDENTIFIER = com.pranav.L4ProTests;
				PRODUCT_NAME = "$(TARGET_NAME)";
				SWIFT_EMIT_LOC_STRINGS = NO;
				SWIFT_VERSION = 5.0;
				TARGETED_DEVICE_FAMILY = "1,2";
				TEST_HOST = "$(BUILT_PRODUCTS_DIR)/L4Pro.app/$(BUNDLE_EXECUTABLE_FOLDER_PATH)/L4Pro";
			};
			name = Debug;
		};
		AD7ACC462A569F0F00FF6C18 /* Release */ = {
			isa = XCBuildConfiguration;
			buildSettings = {
				ALWAYS_EMBED_SWIFT_STANDARD_LIBRARIES = YES;
				BUNDLE_LOADER = "$(TEST_HOST)";
				CODE_SIGN_STYLE = Automatic;
				CURRENT_PROJECT_VERSION = 1;
				GENERATE_INFOPLIST_FILE = YES;
				IPHONEOS_DEPLOYMENT_TARGET = 16.4;
				MARKETING_VERSION = 1.0;
				PRODUCT_BUNDLE_IDENTIFIER = com.pranav.L4ProTests;
				PRODUCT_NAME = "$(TARGET_NAME)";
				SWIFT_EMIT_LOC_STRINGS = NO;
				SWIFT_VERSION = 5.0;
				TARGETED_DEVICE_FAMILY = "1,2";
				TEST_HOST = "$(BUILT_PRODUCTS_DIR)/L4Pro.app/$(BUNDLE_EXECUTABLE_FOLDER_PATH)/L4Pro";
			};
			name = Release;
		};
		AD7ACC482A569F0F00FF6C18 /* Debug */ = {
			isa = XCBuildConfiguration;
			buildSettings = {
				ALWAYS_EMBED_SWIFT_STANDARD_LIBRARIES = YES;
				CODE_SIGN_STYLE = Automatic;
				CURRENT_PROJECT_VERSION = 1;
				GENERATE_INFOPLIST_FILE = YES;
				MARKETING_VERSION = 1.0;
				PRODUCT_BUNDLE_IDENTIFIER = com.pranav.L4ProUITests;
				PRODUCT_NAME = "$(TARGET_NAME)";
				SWIFT_EMIT_LOC_STRINGS = NO;
				SWIFT_VERSION = 5.0;
				TARGETED_DEVICE_FAMILY = "1,2";
				TEST_TARGET_NAME = L4Pro;
			};
			name = Debug;
		};
		AD7ACC492A569F0F00FF6C18 /* Release */ = {
			isa = XCBuildConfiguration;
			buildSettings = {
				ALWAYS_EMBED_SWIFT_STANDARD_LIBRARIES = YES;
				CODE_SIGN_STYLE = Automatic;
				CURRENT_PROJECT_VERSION = 1;
				GENERATE_INFOPLIST_FILE = YES;
				MARKETING_VERSION = 1.0;
				PRODUCT_BUNDLE_IDENTIFIER = com.pranav.L4ProUITests;
				PRODUCT_NAME = "$(TARGET_NAME)";
				SWIFT_EMIT_LOC_STRINGS = NO;
				SWIFT_VERSION = 5.0;
				TARGETED_DEVICE_FAMILY = "1,2";
				TEST_TARGET_NAME = L4Pro;
			};
			name = Release;
		};
/* End XCBuildConfiguration section */

/* Begin XCConfigurationList section */
		AD7ACC122A569F0D00FF6C18 /* Build configuration list for PBXProject "L4Pro" */ = {
			isa = XCConfigurationList;
			buildConfigurations = (
				AD7ACC3F2A569F0F00FF6C18 /* Debug */,
				AD7ACC402A569F0F00FF6C18 /* Release */,
			);
			defaultConfigurationIsVisible = 0;
			defaultConfigurationName = Release;
		};
		AD7ACC412A569F0F00FF6C18 /* Build configuration list for PBXNativeTarget "L4Pro" */ = {
			isa = XCConfigurationList;
			buildConfigurations = (
				AD7ACC422A569F0F00FF6C18 /* Debug */,
				AD7ACC432A569F0F00FF6C18 /* Release */,
			);
			defaultConfigurationIsVisible = 0;
			defaultConfigurationName = Release;
		};
		AD7ACC442A569F0F00FF6C18 /* Build configuration list for PBXNativeTarget "L4ProTests" */ = {
			isa = XCConfigurationList;
			buildConfigurations = (
				AD7ACC452A569F0F00FF6C18 /* Debug */,
				AD7ACC462A569F0F00FF6C18 /* Release */,
			);
			defaultConfigurationIsVisible = 0;
			defaultConfigurationName = Release;
		};
		AD7ACC472A569F0F00FF6C18 /* Build configuration list for PBXNativeTarget "L4ProUITests" */ = {
			isa = XCConfigurationList;
			buildConfigurations = (
				AD7ACC482A569F0F00FF6C18 /* Debug */,
				AD7ACC492A569F0F00FF6C18 /* Release */,
			);
			defaultConfigurationIsVisible = 0;
			defaultConfigurationName = Release;
		};
/* End XCConfigurationList section */
	};
	rootObject = AD7ACC0F2A569F0D00FF6C18 /* Project object */;
}
