// !$*UTF8*$!
{
	archiveVersion = 1;
	classes = {
	};
	objectVersion = 56;
	objects = {

/* Begin PBXBuildFile section */
		AD871C0C2A50956500B63312 /* AppDelegate.swift in Sources */ = {isa = PBXBuildFile; fileRef = AD871C0B2A50956500B63312 /* AppDelegate.swift */; };
		AD871C0E2A50956500B63312 /* SceneDelegate.swift in Sources */ = {isa = PBXBuildFile; fileRef = AD871C0D2A50956500B63312 /* SceneDelegate.swift */; };
		AD871C102A50956500B63312 /* ViewController.swift in Sources */ = {isa = PBXBuildFile; fileRef = AD871C0F2A50956500B63312 /* ViewController.swift */; };
		AD871C132A50956500B63312 /* Main.storyboard in Resources */ = {isa = PBXBuildFile; fileRef = AD871C112A50956500B63312 /* Main.storyboard */; };
		AD871C152A50956600B63312 /* Assets.xcassets in Resources */ = {isa = PBXBuildFile; fileRef = AD871C142A50956600B63312 /* Assets.xcassets */; };
		AD871C182A50956600B63312 /* LaunchScreen.storyboard in Resources */ = {isa = PBXBuildFile; fileRef = AD871C162A50956600B63312 /* LaunchScreen.storyboard */; };
		AD871C232A50956600B63312 /* The_Poor_AppTests.swift in Sources */ = {isa = PBXBuildFile; fileRef = AD871C222A50956600B63312 /* The_Poor_AppTests.swift */; };
		AD871C2D2A50956600B63312 /* The_Poor_AppUITests.swift in Sources */ = {isa = PBXBuildFile; fileRef = AD871C2C2A50956600B63312 /* The_Poor_AppUITests.swift */; };
		AD871C2F2A50956600B63312 /* The_Poor_AppUITestsLaunchTests.swift in Sources */ = {isa = PBXBuildFile; fileRef = AD871C2E2A50956600B63312 /* The_Poor_AppUITestsLaunchTests.swift */; };
/* End PBXBuildFile section */

/* Begin PBXContainerItemProxy section */
		AD871C1F2A50956600B63312 /* PBXContainerItemProxy */ = {
			isa = PBXContainerItemProxy;
			containerPortal = AD871C002A50956500B63312 /* Project object */;
			proxyType = 1;
			remoteGlobalIDString = AD871C072A50956500B63312;
			remoteInfo = "The Poor App";
		};
		AD871C292A50956600B63312 /* PBXContainerItemProxy */ = {
			isa = PBXContainerItemProxy;
			containerPortal = AD871C002A50956500B63312 /* Project object */;
			proxyType = 1;
			remoteGlobalIDString = AD871C072A50956500B63312;
			remoteInfo = "The Poor App";
		};
/* End PBXContainerItemProxy section */

/* Begin PBXFileReference section */
		AD871C082A50956500B63312 /* The Poor App.app */ = {isa = PBXFileReference; explicitFileType = wrapper.application; includeInIndex = 0; path = "The Poor App.app"; sourceTree = BUILT_PRODUCTS_DIR; };
		AD871C0B2A50956500B63312 /* AppDelegate.swift */ = {isa = PBXFileReference; lastKnownFileType = sourcecode.swift; path = AppDelegate.swift; sourceTree = "<group>"; };
		AD871C0D2A50956500B63312 /* SceneDelegate.swift */ = {isa = PBXFileReference; lastKnownFileType = sourcecode.swift; path = SceneDelegate.swift; sourceTree = "<group>"; };
		AD871C0F2A50956500B63312 /* ViewController.swift */ = {isa = PBXFileReference; lastKnownFileType = sourcecode.swift; path = ViewController.swift; sourceTree = "<group>"; };
		AD871C122A50956500B63312 /* Base */ = {isa = PBXFileReference; lastKnownFileType = file.storyboard; name = Base; path = Base.lproj/Main.storyboard; sourceTree = "<group>"; };
		AD871C142A50956600B63312 /* Assets.xcassets */ = {isa = PBXFileReference; lastKnownFileType = folder.assetcatalog; path = Assets.xcassets; sourceTree = "<group>"; };
		AD871C172A50956600B63312 /* Base */ = {isa = PBXFileReference; lastKnownFileType = file.storyboard; name = Base; path = Base.lproj/LaunchScreen.storyboard; sourceTree = "<group>"; };
		AD871C192A50956600B63312 /* Info.plist */ = {isa = PBXFileReference; lastKnownFileType = text.plist.xml; path = Info.plist; sourceTree = "<group>"; };
		AD871C1E2A50956600B63312 /* The Poor AppTests.xctest */ = {isa = PBXFileReference; explicitFileType = wrapper.cfbundle; includeInIndex = 0; path = "The Poor AppTests.xctest"; sourceTree = BUILT_PRODUCTS_DIR; };
		AD871C222A50956600B63312 /* The_Poor_AppTests.swift */ = {isa = PBXFileReference; lastKnownFileType = sourcecode.swift; path = The_Poor_AppTests.swift; sourceTree = "<group>"; };
		AD871C282A50956600B63312 /* The Poor AppUITests.xctest */ = {isa = PBXFileReference; explicitFileType = wrapper.cfbundle; includeInIndex = 0; path = "The Poor AppUITests.xctest"; sourceTree = BUILT_PRODUCTS_DIR; };
		AD871C2C2A50956600B63312 /* The_Poor_AppUITests.swift */ = {isa = PBXFileReference; lastKnownFileType = sourcecode.swift; path = The_Poor_AppUITests.swift; sourceTree = "<group>"; };
		AD871C2E2A50956600B63312 /* The_Poor_AppUITestsLaunchTests.swift */ = {isa = PBXFileReference; lastKnownFileType = sourcecode.swift; path = The_Poor_AppUITestsLaunchTests.swift; sourceTree = "<group>"; };
/* End PBXFileReference section */

/* Begin PBXFrameworksBuildPhase section */
		AD871C052A50956500B63312 /* Frameworks */ = {
			isa = PBXFrameworksBuildPhase;
			buildActionMask = 2147483647;
			files = (
			);
			runOnlyForDeploymentPostprocessing = 0;
		};
		AD871C1B2A50956600B63312 /* Frameworks */ = {
			isa = PBXFrameworksBuildPhase;
			buildActionMask = 2147483647;
			files = (
			);
			runOnlyForDeploymentPostprocessing = 0;
		};
		AD871C252A50956600B63312 /* Frameworks */ = {
			isa = PBXFrameworksBuildPhase;
			buildActionMask = 2147483647;
			files = (
			);
			runOnlyForDeploymentPostprocessing = 0;
		};
/* End PBXFrameworksBuildPhase section */

/* Begin PBXGroup section */
		AD871BFF2A50956500B63312 = {
			isa = PBXGroup;
			children = (
				AD871C0A2A50956500B63312 /* The Poor App */,
				AD871C212A50956600B63312 /* The Poor AppTests */,
				AD871C2B2A50956600B63312 /* The Poor AppUITests */,
				AD871C092A50956500B63312 /* Products */,
			);
			sourceTree = "<group>";
		};
		AD871C092A50956500B63312 /* Products */ = {
			isa = PBXGroup;
			children = (
				AD871C082A50956500B63312 /* The Poor App.app */,
				AD871C1E2A50956600B63312 /* The Poor AppTests.xctest */,
				AD871C282A50956600B63312 /* The Poor AppUITests.xctest */,
			);
			name = Products;
			sourceTree = "<group>";
		};
		AD871C0A2A50956500B63312 /* The Poor App */ = {
			isa = PBXGroup;
			children = (
				AD871C0B2A50956500B63312 /* AppDelegate.swift */,
				AD871C0D2A50956500B63312 /* SceneDelegate.swift */,
				AD871C0F2A50956500B63312 /* ViewController.swift */,
				AD871C112A50956500B63312 /* Main.storyboard */,
				AD871C142A50956600B63312 /* Assets.xcassets */,
				AD871C162A50956600B63312 /* LaunchScreen.storyboard */,
				AD871C192A50956600B63312 /* Info.plist */,
			);
			path = "The Poor App";
			sourceTree = "<group>";
		};
		AD871C212A50956600B63312 /* The Poor AppTests */ = {
			isa = PBXGroup;
			children = (
				AD871C222A50956600B63312 /* The_Poor_AppTests.swift */,
			);
			path = "The Poor AppTests";
			sourceTree = "<group>";
		};
		AD871C2B2A50956600B63312 /* The Poor AppUITests */ = {
			isa = PBXGroup;
			children = (
				AD871C2C2A50956600B63312 /* The_Poor_AppUITests.swift */,
				AD871C2E2A50956600B63312 /* The_Poor_AppUITestsLaunchTests.swift */,
			);
			path = "The Poor AppUITests";
			sourceTree = "<group>";
		};
/* End PBXGroup section */

/* Begin PBXNativeTarget section */
		AD871C072A50956500B63312 /* The Poor App */ = {
			isa = PBXNativeTarget;
			buildConfigurationList = AD871C322A50956600B63312 /* Build configuration list for PBXNativeTarget "The Poor App" */;
			buildPhases = (
				AD871C042A50956500B63312 /* Sources */,
				AD871C052A50956500B63312 /* Frameworks */,
				AD871C062A50956500B63312 /* Resources */,
			);
			buildRules = (
			);
			dependencies = (
			);
			name = "The Poor App";
			productName = "The Poor App";
			productReference = AD871C082A50956500B63312 /* The Poor App.app */;
			productType = "com.apple.product-type.application";
		};
		AD871C1D2A50956600B63312 /* The Poor AppTests */ = {
			isa = PBXNativeTarget;
			buildConfigurationList = AD871C352A50956600B63312 /* Build configuration list for PBXNativeTarget "The Poor AppTests" */;
			buildPhases = (
				AD871C1A2A50956600B63312 /* Sources */,
				AD871C1B2A50956600B63312 /* Frameworks */,
				AD871C1C2A50956600B63312 /* Resources */,
			);
			buildRules = (
			);
			dependencies = (
				AD871C202A50956600B63312 /* PBXTargetDependency */,
			);
			name = "The Poor AppTests";
			productName = "The Poor AppTests";
			productReference = AD871C1E2A50956600B63312 /* The Poor AppTests.xctest */;
			productType = "com.apple.product-type.bundle.unit-test";
		};
		AD871C272A50956600B63312 /* The Poor AppUITests */ = {
			isa = PBXNativeTarget;
			buildConfigurationList = AD871C382A50956600B63312 /* Build configuration list for PBXNativeTarget "The Poor AppUITests" */;
			buildPhases = (
				AD871C242A50956600B63312 /* Sources */,
				AD871C252A50956600B63312 /* Frameworks */,
				AD871C262A50956600B63312 /* Resources */,
			);
			buildRules = (
			);
			dependencies = (
				AD871C2A2A50956600B63312 /* PBXTargetDependency */,
			);
			name = "The Poor AppUITests";
			productName = "The Poor AppUITests";
			productReference = AD871C282A50956600B63312 /* The Poor AppUITests.xctest */;
			productType = "com.apple.product-type.bundle.ui-testing";
		};
/* End PBXNativeTarget section */

/* Begin PBXProject section */
		AD871C002A50956500B63312 /* Project object */ = {
			isa = PBXProject;
			attributes = {
				BuildIndependentTargetsInParallel = 1;
				LastSwiftUpdateCheck = 1430;
				LastUpgradeCheck = 1430;
				TargetAttributes = {
					AD871C072A50956500B63312 = {
						CreatedOnToolsVersion = 14.3.1;
					};
					AD871C1D2A50956600B63312 = {
						CreatedOnToolsVersion = 14.3.1;
						TestTargetID = AD871C072A50956500B63312;
					};
					AD871C272A50956600B63312 = {
						CreatedOnToolsVersion = 14.3.1;
						TestTargetID = AD871C072A50956500B63312;
					};
				};
			};
			buildConfigurationList = AD871C032A50956500B63312 /* Build configuration list for PBXProject "The Poor App" */;
			compatibilityVersion = "Xcode 14.0";
			developmentRegion = en;
			hasScannedForEncodings = 0;
			knownRegions = (
				en,
				Base,
			);
			mainGroup = AD871BFF2A50956500B63312;
			productRefGroup = AD871C092A50956500B63312 /* Products */;
			projectDirPath = "";
			projectRoot = "";
			targets = (
				AD871C072A50956500B63312 /* The Poor App */,
				AD871C1D2A50956600B63312 /* The Poor AppTests */,
				AD871C272A50956600B63312 /* The Poor AppUITests */,
			);
		};
/* End PBXProject section */

/* Begin PBXResourcesBuildPhase section */
		AD871C062A50956500B63312 /* Resources */ = {
			isa = PBXResourcesBuildPhase;
			buildActionMask = 2147483647;
			files = (
				AD871C182A50956600B63312 /* LaunchScreen.storyboard in Resources */,
				AD871C152A50956600B63312 /* Assets.xcassets in Resources */,
				AD871C132A50956500B63312 /* Main.storyboard in Resources */,
			);
			runOnlyForDeploymentPostprocessing = 0;
		};
		AD871C1C2A50956600B63312 /* Resources */ = {
			isa = PBXResourcesBuildPhase;
			buildActionMask = 2147483647;
			files = (
			);
			runOnlyForDeploymentPostprocessing = 0;
		};
		AD871C262A50956600B63312 /* Resources */ = {
			isa = PBXResourcesBuildPhase;
			buildActionMask = 2147483647;
			files = (
			);
			runOnlyForDeploymentPostprocessing = 0;
		};
/* End PBXResourcesBuildPhase section */

/* Begin PBXSourcesBuildPhase section */
		AD871C042A50956500B63312 /* Sources */ = {
			isa = PBXSourcesBuildPhase;
			buildActionMask = 2147483647;
			files = (
				AD871C102A50956500B63312 /* ViewController.swift in Sources */,
				AD871C0C2A50956500B63312 /* AppDelegate.swift in Sources */,
				AD871C0E2A50956500B63312 /* SceneDelegate.swift in Sources */,
			);
			runOnlyForDeploymentPostprocessing = 0;
		};
		AD871C1A2A50956600B63312 /* Sources */ = {
			isa = PBXSourcesBuildPhase;
			buildActionMask = 2147483647;
			files = (
				AD871C232A50956600B63312 /* The_Poor_AppTests.swift in Sources */,
			);
			runOnlyForDeploymentPostprocessing = 0;
		};
		AD871C242A50956600B63312 /* Sources */ = {
			isa = PBXSourcesBuildPhase;
			buildActionMask = 2147483647;
			files = (
				AD871C2F2A50956600B63312 /* The_Poor_AppUITestsLaunchTests.swift in Sources */,
				AD871C2D2A50956600B63312 /* The_Poor_AppUITests.swift in Sources */,
			);
			runOnlyForDeploymentPostprocessing = 0;
		};
/* End PBXSourcesBuildPhase section */

/* Begin PBXTargetDependency section */
		AD871C202A50956600B63312 /* PBXTargetDependency */ = {
			isa = PBXTargetDependency;
			target = AD871C072A50956500B63312 /* The Poor App */;
			targetProxy = AD871C1F2A50956600B63312 /* PBXContainerItemProxy */;
		};
		AD871C2A2A50956600B63312 /* PBXTargetDependency */ = {
			isa = PBXTargetDependency;
			target = AD871C072A50956500B63312 /* The Poor App */;
			targetProxy = AD871C292A50956600B63312 /* PBXContainerItemProxy */;
		};
/* End PBXTargetDependency section */

/* Begin PBXVariantGroup section */
		AD871C112A50956500B63312 /* Main.storyboard */ = {
			isa = PBXVariantGroup;
			children = (
				AD871C122A50956500B63312 /* Base */,
			);
			name = Main.storyboard;
			sourceTree = "<group>";
		};
		AD871C162A50956600B63312 /* LaunchScreen.storyboard */ = {
			isa = PBXVariantGroup;
			children = (
				AD871C172A50956600B63312 /* Base */,
			);
			name = LaunchScreen.storyboard;
			sourceTree = "<group>";
		};
/* End PBXVariantGroup section */

/* Begin XCBuildConfiguration section */
		AD871C302A50956600B63312 /* Debug */ = {
			isa = XCBuildConfiguration;
			buildSettings = {
				ALWAYS_SEARCH_USER_PATHS = NO;
				CLANG_ANALYZER_NONNULL = YES;
				CLANG_ANALYZER_NUMBER_OBJECT_CONVERSION = YES_AGGRESSIVE;
				CLANG_CXX_LANGUAGE_STANDARD = "gnu++20";
				CLANG_ENABLE_MODULES = YES;
				CLANG_ENABLE_OBJC_ARC = YES;
				CLANG_ENABLE_OBJC_WEAK = YES;
				CLANG_WARN_BLOCK_CAPTURE_AUTORELEASING = YES;
				CLANG_WARN_BOOL_CONVERSION = YES;
				CLANG_WARN_COMMA = YES;
				CLANG_WARN_CONSTANT_CONVERSION = YES;
				CLANG_WARN_DEPRECATED_OBJC_IMPLEMENTATIONS = YES;
				CLANG_WARN_DIRECT_OBJC_ISA_USAGE = YES_ERROR;
				CLANG_WARN_DOCUMENTATION_COMMENTS = YES;
				CLANG_WARN_EMPTY_BODY = YES;
				CLANG_WARN_ENUM_CONVERSION = YES;
				CLANG_WARN_INFINITE_RECURSION = YES;
				CLANG_WARN_INT_CONVERSION = YES;
				CLANG_WARN_NON_LITERAL_NULL_CONVERSION = YES;
				CLANG_WARN_OBJC_IMPLICIT_RETAIN_SELF = YES;
				CLANG_WARN_OBJC_LITERAL_CONVERSION = YES;
				CLANG_WARN_OBJC_ROOT_CLASS = YES_ERROR;
				CLANG_WARN_QUOTED_INCLUDE_IN_FRAMEWORK_HEADER = YES;
				CLANG_WARN_RANGE_LOOP_ANALYSIS = YES;
				CLANG_WARN_STRICT_PROTOTYPES = YES;
				CLANG_WARN_SUSPICIOUS_MOVE = YES;
				CLANG_WARN_UNGUARDED_AVAILABILITY = YES_AGGRESSIVE;
				CLANG_WARN_UNREACHABLE_CODE = YES;
				CLANG_WARN__DUPLICATE_METHOD_MATCH = YES;
				COPY_PHASE_STRIP = NO;
				DEBUG_INFORMATION_FORMAT = dwarf;
				ENABLE_STRICT_OBJC_MSGSEND = YES;
				ENABLE_TESTABILITY = YES;
				GCC_C_LANGUAGE_STANDARD = gnu11;
				GCC_DYNAMIC_NO_PIC = NO;
				GCC_NO_COMMON_BLOCKS = YES;
				GCC_OPTIMIZATION_LEVEL = 0;
				GCC_PREPROCESSOR_DEFINITIONS = (
					"DEBUG=1",
					"$(inherited)",
				);
				GCC_WARN_64_TO_32_BIT_CONVERSION = YES;
				GCC_WARN_ABOUT_RETURN_TYPE = YES_ERROR;
				GCC_WARN_UNDECLARED_SELECTOR = YES;
				GCC_WARN_UNINITIALIZED_AUTOS = YES_AGGRESSIVE;
				GCC_WARN_UNUSED_FUNCTION = YES;
				GCC_WARN_UNUSED_VARIABLE = YES;
				IPHONEOS_DEPLOYMENT_TARGET = 16.4;
				MTL_ENABLE_DEBUG_INFO = INCLUDE_SOURCE;
				MTL_FAST_MATH = YES;
				ONLY_ACTIVE_ARCH = YES;
				SDKROOT = iphoneos;
				SWIFT_ACTIVE_COMPILATION_CONDITIONS = DEBUG;
				SWIFT_OPTIMIZATION_LEVEL = "-Onone";
			};
			name = Debug;
		};
		AD871C312A50956600B63312 /* Release */ = {
			isa = XCBuildConfiguration;
			buildSettings = {
				ALWAYS_SEARCH_USER_PATHS = NO;
				CLANG_ANALYZER_NONNULL = YES;
				CLANG_ANALYZER_NUMBER_OBJECT_CONVERSION = YES_AGGRESSIVE;
				CLANG_CXX_LANGUAGE_STANDARD = "gnu++20";
				CLANG_ENABLE_MODULES = YES;
				CLANG_ENABLE_OBJC_ARC = YES;
				CLANG_ENABLE_OBJC_WEAK = YES;
				CLANG_WARN_BLOCK_CAPTURE_AUTORELEASING = YES;
				CLANG_WARN_BOOL_CONVERSION = YES;
				CLANG_WARN_COMMA = YES;
				CLANG_WARN_CONSTANT_CONVERSION = YES;
				CLANG_WARN_DEPRECATED_OBJC_IMPLEMENTATIONS = YES;
				CLANG_WARN_DIRECT_OBJC_ISA_USAGE = YES_ERROR;
				CLANG_WARN_DOCUMENTATION_COMMENTS = YES;
				CLANG_WARN_EMPTY_BODY = YES;
				CLANG_WARN_ENUM_CONVERSION = YES;
				CLANG_WARN_INFINITE_RECURSION = YES;
				CLANG_WARN_INT_CONVERSION = YES;
				CLANG_WARN_NON_LITERAL_NULL_CONVERSION = YES;
				CLANG_WARN_OBJC_IMPLICIT_RETAIN_SELF = YES;
				CLANG_WARN_OBJC_LITERAL_CONVERSION = YES;
				CLANG_WARN_OBJC_ROOT_CLASS = YES_ERROR;
				CLANG_WARN_QUOTED_INCLUDE_IN_FRAMEWORK_HEADER = YES;
				CLANG_WARN_RANGE_LOOP_ANALYSIS = YES;
				CLANG_WARN_STRICT_PROTOTYPES = YES;
				CLANG_WARN_SUSPICIOUS_MOVE = YES;
				CLANG_WARN_UNGUARDED_AVAILABILITY = YES_AGGRESSIVE;
				CLANG_WARN_UNREACHABLE_CODE = YES;
				CLANG_WARN__DUPLICATE_METHOD_MATCH = YES;
				COPY_PHASE_STRIP = NO;
				DEBUG_INFORMATION_FORMAT = "dwarf-with-dsym";
				ENABLE_NS_ASSERTIONS = NO;
				ENABLE_STRICT_OBJC_MSGSEND = YES;
				GCC_C_LANGUAGE_STANDARD = gnu11;
				GCC_NO_COMMON_BLOCKS = YES;
				GCC_WARN_64_TO_32_BIT_CONVERSION = YES;
				GCC_WARN_ABOUT_RETURN_TYPE = YES_ERROR;
				GCC_WARN_UNDECLARED_SELECTOR = YES;
				GCC_WARN_UNINITIALIZED_AUTOS = YES_AGGRESSIVE;
				GCC_WARN_UNUSED_FUNCTION = YES;
				GCC_WARN_UNUSED_VARIABLE = YES;
				IPHONEOS_DEPLOYMENT_TARGET = 16.4;
				MTL_ENABLE_DEBUG_INFO = NO;
				MTL_FAST_MATH = YES;
				SDKROOT = iphoneos;
				SWIFT_COMPILATION_MODE = wholemodule;
				SWIFT_OPTIMIZATION_LEVEL = "-O";
				VALIDATE_PRODUCT = YES;
			};
			name = Release;
		};
		AD871C332A50956600B63312 /* Debug */ = {
			isa = XCBuildConfiguration;
			buildSettings = {
				ASSETCATALOG_COMPILER_APPICON_NAME = AppIcon;
				ASSETCATALOG_COMPILER_GLOBAL_ACCENT_COLOR_NAME = AccentColor;
				CODE_SIGN_STYLE = Automatic;
				CURRENT_PROJECT_VERSION = 1;
				GENERATE_INFOPLIST_FILE = YES;
				INFOPLIST_FILE = "The Poor App/Info.plist";
				INFOPLIST_KEY_UIApplicationSupportsIndirectInputEvents = YES;
				INFOPLIST_KEY_UILaunchStoryboardName = LaunchScreen;
				INFOPLIST_KEY_UIMainStoryboardFile = Main;
				INFOPLIST_KEY_UISupportedInterfaceOrientations = "UIInterfaceOrientationLandscapeLeft UIInterfaceOrientationLandscapeRight UIInterfaceOrientationPortrait UIInterfaceOrientationPortraitUpsideDown";
				IPHONEOS_DEPLOYMENT_TARGET = 13.0;
				LD_RUNPATH_SEARCH_PATHS = (
					"$(inherited)",
					"@executable_path/Frameworks",
				);
				MARKETING_VERSION = 1.0;
				PRODUCT_BUNDLE_IDENTIFIER = "com.pranav.The-Poor-App";
				PRODUCT_NAME = "$(TARGET_NAME)";
				SWIFT_EMIT_LOC_STRINGS = YES;
				SWIFT_VERSION = 5.0;
				TARGETED_DEVICE_FAMILY = "1,2";
			};
			name = Debug;
		};
		AD871C342A50956600B63312 /* Release */ = {
			isa = XCBuildConfiguration;
			buildSettings = {
				ASSETCATALOG_COMPILER_APPICON_NAME = AppIcon;
				ASSETCATALOG_COMPILER_GLOBAL_ACCENT_COLOR_NAME = AccentColor;
				CODE_SIGN_STYLE = Automatic;
				CURRENT_PROJECT_VERSION = 1;
				GENERATE_INFOPLIST_FILE = YES;
				INFOPLIST_FILE = "The Poor App/Info.plist";
				INFOPLIST_KEY_UIApplicationSupportsIndirectInputEvents = YES;
				INFOPLIST_KEY_UILaunchStoryboardName = LaunchScreen;
				INFOPLIST_KEY_UIMainStoryboardFile = Main;
				INFOPLIST_KEY_UISupportedInterfaceOrientations = "UIInterfaceOrientationLandscapeLeft UIInterfaceOrientationLandscapeRight UIInterfaceOrientationPortrait UIInterfaceOrientationPortraitUpsideDown";
				IPHONEOS_DEPLOYMENT_TARGET = 13.0;
				LD_RUNPATH_SEARCH_PATHS = (
					"$(inherited)",
					"@executable_path/Frameworks",
				);
				MARKETING_VERSION = 1.0;
				PRODUCT_BUNDLE_IDENTIFIER = "com.pranav.The-Poor-App";
				PRODUCT_NAME = "$(TARGET_NAME)";
				SWIFT_EMIT_LOC_STRINGS = YES;
				SWIFT_VERSION = 5.0;
				TARGETED_DEVICE_FAMILY = "1,2";
			};
			name = Release;
		};
		AD871C362A50956600B63312 /* Debug */ = {
			isa = XCBuildConfiguration;
			buildSettings = {
				ALWAYS_EMBED_SWIFT_STANDARD_LIBRARIES = YES;
				BUNDLE_LOADER = "$(TEST_HOST)";
				CODE_SIGN_STYLE = Automatic;
				CURRENT_PROJECT_VERSION = 1;
				GENERATE_INFOPLIST_FILE = YES;
				IPHONEOS_DEPLOYMENT_TARGET = 16.4;
				MARKETING_VERSION = 1.0;
				PRODUCT_BUNDLE_IDENTIFIER = "com.pranav.The-Poor-AppTests";
				PRODUCT_NAME = "$(TARGET_NAME)";
				SWIFT_EMIT_LOC_STRINGS = NO;
				SWIFT_VERSION = 5.0;
				TARGETED_DEVICE_FAMILY = "1,2";
				TEST_HOST = "$(BUILT_PRODUCTS_DIR)/The Poor App.app/$(BUNDLE_EXECUTABLE_FOLDER_PATH)/The Poor App";
			};
			name = Debug;
		};
		AD871C372A50956600B63312 /* Release */ = {
			isa = XCBuildConfiguration;
			buildSettings = {
				ALWAYS_EMBED_SWIFT_STANDARD_LIBRARIES = YES;
				BUNDLE_LOADER = "$(TEST_HOST)";
				CODE_SIGN_STYLE = Automatic;
				CURRENT_PROJECT_VERSION = 1;
				GENERATE_INFOPLIST_FILE = YES;
				IPHONEOS_DEPLOYMENT_TARGET = 16.4;
				MARKETING_VERSION = 1.0;
				PRODUCT_BUNDLE_IDENTIFIER = "com.pranav.The-Poor-AppTests";
				PRODUCT_NAME = "$(TARGET_NAME)";
				SWIFT_EMIT_LOC_STRINGS = NO;
				SWIFT_VERSION = 5.0;
				TARGETED_DEVICE_FAMILY = "1,2";
				TEST_HOST = "$(BUILT_PRODUCTS_DIR)/The Poor App.app/$(BUNDLE_EXECUTABLE_FOLDER_PATH)/The Poor App";
			};
			name = Release;
		};
		AD871C392A50956600B63312 /* Debug */ = {
			isa = XCBuildConfiguration;
			buildSettings = {
				ALWAYS_EMBED_SWIFT_STANDARD_LIBRARIES = YES;
				CODE_SIGN_STYLE = Automatic;
				CURRENT_PROJECT_VERSION = 1;
				GENERATE_INFOPLIST_FILE = YES;
				MARKETING_VERSION = 1.0;
				PRODUCT_BUNDLE_IDENTIFIER = "com.pranav.The-Poor-AppUITests";
				PRODUCT_NAME = "$(TARGET_NAME)";
				SWIFT_EMIT_LOC_STRINGS = NO;
				SWIFT_VERSION = 5.0;
				TARGETED_DEVICE_FAMILY = "1,2";
				TEST_TARGET_NAME = "The Poor App";
			};
			name = Debug;
		};
		AD871C3A2A50956600B63312 /* Release */ = {
			isa = XCBuildConfiguration;
			buildSettings = {
				ALWAYS_EMBED_SWIFT_STANDARD_LIBRARIES = YES;
				CODE_SIGN_STYLE = Automatic;
				CURRENT_PROJECT_VERSION = 1;
				GENERATE_INFOPLIST_FILE = YES;
				MARKETING_VERSION = 1.0;
				PRODUCT_BUNDLE_IDENTIFIER = "com.pranav.The-Poor-AppUITests";
				PRODUCT_NAME = "$(TARGET_NAME)";
				SWIFT_EMIT_LOC_STRINGS = NO;
				SWIFT_VERSION = 5.0;
				TARGETED_DEVICE_FAMILY = "1,2";
				TEST_TARGET_NAME = "The Poor App";
			};
			name = Release;
		};
/* End XCBuildConfiguration section */

/* Begin XCConfigurationList section */
		AD871C032A50956500B63312 /* Build configuration list for PBXProject "The Poor App" */ = {
			isa = XCConfigurationList;
			buildConfigurations = (
				AD871C302A50956600B63312 /* Debug */,
				AD871C312A50956600B63312 /* Release */,
			);
			defaultConfigurationIsVisible = 0;
			defaultConfigurationName = Release;
		};
		AD871C322A50956600B63312 /* Build configuration list for PBXNativeTarget "The Poor App" */ = {
			isa = XCConfigurationList;
			buildConfigurations = (
				AD871C332A50956600B63312 /* Debug */,
				AD871C342A50956600B63312 /* Release */,
			);
			defaultConfigurationIsVisible = 0;
			defaultConfigurationName = Release;
		};
		AD871C352A50956600B63312 /* Build configuration list for PBXNativeTarget "The Poor AppTests" */ = {
			isa = XCConfigurationList;
			buildConfigurations = (
				AD871C362A50956600B63312 /* Debug */,
				AD871C372A50956600B63312 /* Release */,
			);
			defaultConfigurationIsVisible = 0;
			defaultConfigurationName = Release;
		};
		AD871C382A50956600B63312 /* Build configuration list for PBXNativeTarget "The Poor AppUITests" */ = {
			isa = XCConfigurationList;
			buildConfigurations = (
				AD871C392A50956600B63312 /* Debug */,
				AD871C3A2A50956600B63312 /* Release */,
			);
			defaultConfigurationIsVisible = 0;
			defaultConfigurationName = Release;
		};
/* End XCConfigurationList section */
	};
	rootObject = AD871C002A50956500B63312 /* Project object */;
}
